{
  "object": {
    "pins": [
      {
        "package": "OHHTTPStubs",
        "repositoryURL": "https://github.com/AliSoftware/OHHTTPStubs.git",
        "state": {
          "branch": "feature/spm-support",
          "revision": "fda9902f8c5c4170c6914d7dc845174e8c75bf92",
          "version": null
        }
      }
    ]
  },
  "version": 1
}
