// !$*UTF8*$!
{
	archiveVersion = 1;
	classes = {
	};
	objectVersion = 50;
	objects = {

/* Begin PBXBuildFile section */
		2D4DC0CD27EE1B1400CE47C3 /* RevenueCat.framework in Frameworks */ = {isa = PBXBuildFile; fileRef = 2D4DC0C227EE1A4D00CE47C3 /* RevenueCat.framework */; };
		2D4DC0CE27EE1B2A00CE47C3 /* RevenueCat.framework in Embed Frameworks */ = {isa = PBXBuildFile; fileRef = 2D4DC0C227EE1A4D00CE47C3 /* RevenueCat.framework */; settings = {ATTRIBUTES = (CodeSignOnCopy, RemoveHeadersOnCopy, ); }; };
		2D6C042F254A0A550039CB92 /* RCInstallationRunner.m in Sources */ = {isa = PBXBuildFile; fileRef = 2D6C041F254A0A550039CB92 /* RCInstallationRunner.m */; };
		2D6C0430254A0A550039CB92 /* Assets.xcassets in Resources */ = {isa = PBXBuildFile; fileRef = 2D6C0421254A0A550039CB92 /* Assets.xcassets */; };
		2D6C0431254A0A550039CB92 /* ViewController.m in Sources */ = {isa = PBXBuildFile; fileRef = 2D6C0422254A0A550039CB92 /* ViewController.m */; };
		2D6C0432254A0A550039CB92 /* SceneDelegate.m in Sources */ = {isa = PBXBuildFile; fileRef = 2D6C0423254A0A550039CB92 /* SceneDelegate.m */; };
		2D6C0433254A0A550039CB92 /* LaunchScreen.storyboard in Resources */ = {isa = PBXBuildFile; fileRef = 2D6C0424254A0A550039CB92 /* LaunchScreen.storyboard */; };
		2D6C0434254A0A550039CB92 /* Main.storyboard in Resources */ = {isa = PBXBuildFile; fileRef = 2D6C0426254A0A550039CB92 /* Main.storyboard */; };
		2D6C0435254A0A550039CB92 /* main.m in Sources */ = {isa = PBXBuildFile; fileRef = 2D6C0429254A0A550039CB92 /* main.m */; };
		2D6C0436254A0A550039CB92 /* AppDelegate.m in Sources */ = {isa = PBXBuildFile; fileRef = 2D6C042A254A0A550039CB92 /* AppDelegate.m */; };
		2D6C0444254A0A760039CB92 /* Dummy.swift in Sources */ = {isa = PBXBuildFile; fileRef = 2D6C0443254A0A760039CB92 /* Dummy.swift */; };
		2D6C0487254A0CF20039CB92 /* RCInstallationRunner.h in Headers */ = {isa = PBXBuildFile; fileRef = 2D6C0428254A0A550039CB92 /* RCInstallationRunner.h */; settings = {ATTRIBUTES = (Public, ); }; };
		2DC19147255F1AFE0039389A /* InstallationTests.swift in Sources */ = {isa = PBXBuildFile; fileRef = 2DC19142255F1AFE0039389A /* InstallationTests.swift */; };
/* End PBXBuildFile section */

/* Begin PBXContainerItemProxy section */
		2D4DC0C127EE1A4D00CE47C3 /* PBXContainerItemProxy */ = {
			isa = PBXContainerItemProxy;
			containerPortal = 2D6C0454254A0AF10039CB92 /* RevenueCat.xcodeproj */;
			proxyType = 2;
			remoteGlobalIDString = 2DC5621624EC63420031F69B;
			remoteInfo = RevenueCat;
		};
		2D4DC0C327EE1A4D00CE47C3 /* PBXContainerItemProxy */ = {
			isa = PBXContainerItemProxy;
			containerPortal = 2D6C0454254A0AF10039CB92 /* RevenueCat.xcodeproj */;
			proxyType = 2;
			remoteGlobalIDString = 2DC5621E24EC63430031F69B;
			remoteInfo = UnitTests;
		};
		2D4DC0C527EE1A4D00CE47C3 /* PBXContainerItemProxy */ = {
			isa = PBXContainerItemProxy;
			containerPortal = 2D6C0454254A0AF10039CB92 /* RevenueCat.xcodeproj */;
			proxyType = 2;
			remoteGlobalIDString = 2DE20B7F26409EB7004C597D;
			remoteInfo = BackendIntegrationTestsHostApp;
		};
		2D4DC0C727EE1A4D00CE47C3 /* PBXContainerItemProxy */ = {
			isa = PBXContainerItemProxy;
			containerPortal = 2D6C0454254A0AF10039CB92 /* RevenueCat.xcodeproj */;
			proxyType = 2;
			remoteGlobalIDString = 2DE20B6C264087FB004C597D;
			remoteInfo = BackendIntegrationTests;
		};
		2D4DC0C927EE1A4D00CE47C3 /* PBXContainerItemProxy */ = {
			isa = PBXContainerItemProxy;
			containerPortal = 2D6C0454254A0AF10039CB92 /* RevenueCat.xcodeproj */;
			proxyType = 2;
			remoteGlobalIDString = 2DEAC2DA26EFE46E006914ED;
			remoteInfo = UnitTestsHostApp;
		};
		2D4DC0CB27EE1A4D00CE47C3 /* PBXContainerItemProxy */ = {
			isa = PBXContainerItemProxy;
			containerPortal = 2D6C0454254A0AF10039CB92 /* RevenueCat.xcodeproj */;
			proxyType = 2;
			remoteGlobalIDString = 2DAC5F7226F13C9800C5258F;
			remoteInfo = StoreKitUnitTests;
		};
		2D6C03FB254A0A470039CB92 /* PBXContainerItemProxy */ = {
			isa = PBXContainerItemProxy;
			containerPortal = 2D6C03D7254A0A460039CB92 /* Project object */;
			proxyType = 1;
			remoteGlobalIDString = 2D6C03DE254A0A460039CB92;
			remoteInfo = XcodeDirectInstallation;
		};
/* End PBXContainerItemProxy section */

/* Begin PBXCopyFilesBuildPhase section */
		2D6C0471254A0B290039CB92 /* Embed Frameworks */ = {
			isa = PBXCopyFilesBuildPhase;
			buildActionMask = 2147483647;
			dstPath = "";
			dstSubfolderSpec = 10;
			files = (
				2D4DC0CE27EE1B2A00CE47C3 /* RevenueCat.framework in Embed Frameworks */,
			);
			name = "Embed Frameworks";
			runOnlyForDeploymentPostprocessing = 0;
		};
/* End PBXCopyFilesBuildPhase section */

/* Begin PBXFileReference section */
		2D6C03DF254A0A460039CB92 /* XcodeDirectInstallation.app */ = {isa = PBXFileReference; explicitFileType = wrapper.application; includeInIndex = 0; path = XcodeDirectInstallation.app; sourceTree = BUILT_PRODUCTS_DIR; };
		2D6C03FA254A0A470039CB92 /* XcodeDirectInstallationTests.xctest */ = {isa = PBXFileReference; explicitFileType = wrapper.cfbundle; includeInIndex = 0; path = XcodeDirectInstallationTests.xctest; sourceTree = BUILT_PRODUCTS_DIR; };
		2D6C0400254A0A470039CB92 /* Info.plist */ = {isa = PBXFileReference; lastKnownFileType = text.plist.xml; path = Info.plist; sourceTree = "<group>"; };
		2D6C041F254A0A550039CB92 /* RCInstallationRunner.m */ = {isa = PBXFileReference; fileEncoding = 4; lastKnownFileType = sourcecode.c.objc; path = RCInstallationRunner.m; sourceTree = "<group>"; };
		2D6C0420254A0A550039CB92 /* AppDelegate.h */ = {isa = PBXFileReference; fileEncoding = 4; lastKnownFileType = sourcecode.c.h; path = AppDelegate.h; sourceTree = "<group>"; };
		2D6C0421254A0A550039CB92 /* Assets.xcassets */ = {isa = PBXFileReference; lastKnownFileType = folder.assetcatalog; path = Assets.xcassets; sourceTree = "<group>"; };
		2D6C0422254A0A550039CB92 /* ViewController.m */ = {isa = PBXFileReference; fileEncoding = 4; lastKnownFileType = sourcecode.c.objc; path = ViewController.m; sourceTree = "<group>"; };
		2D6C0423254A0A550039CB92 /* SceneDelegate.m */ = {isa = PBXFileReference; fileEncoding = 4; lastKnownFileType = sourcecode.c.objc; path = SceneDelegate.m; sourceTree = "<group>"; };
		2D6C0425254A0A550039CB92 /* Base */ = {isa = PBXFileReference; lastKnownFileType = file.storyboard; name = Base; path = Base.lproj/LaunchScreen.storyboard; sourceTree = "<group>"; };
		2D6C0427254A0A550039CB92 /* Base */ = {isa = PBXFileReference; lastKnownFileType = file.storyboard; name = Base; path = Base.lproj/Main.storyboard; sourceTree = "<group>"; };
		2D6C0428254A0A550039CB92 /* RCInstallationRunner.h */ = {isa = PBXFileReference; fileEncoding = 4; lastKnownFileType = sourcecode.c.h; path = RCInstallationRunner.h; sourceTree = "<group>"; };
		2D6C0429254A0A550039CB92 /* main.m */ = {isa = PBXFileReference; fileEncoding = 4; lastKnownFileType = sourcecode.c.objc; path = main.m; sourceTree = "<group>"; };
		2D6C042A254A0A550039CB92 /* AppDelegate.m */ = {isa = PBXFileReference; fileEncoding = 4; lastKnownFileType = sourcecode.c.objc; path = AppDelegate.m; sourceTree = "<group>"; };
		2D6C042C254A0A550039CB92 /* Info.plist */ = {isa = PBXFileReference; fileEncoding = 4; lastKnownFileType = text.plist.xml; path = Info.plist; sourceTree = "<group>"; };
		2D6C042D254A0A550039CB92 /* ViewController.h */ = {isa = PBXFileReference; fileEncoding = 4; lastKnownFileType = sourcecode.c.h; path = ViewController.h; sourceTree = "<group>"; };
		2D6C042E254A0A550039CB92 /* SceneDelegate.h */ = {isa = PBXFileReference; fileEncoding = 4; lastKnownFileType = sourcecode.c.h; path = SceneDelegate.h; sourceTree = "<group>"; };
		2D6C0442254A0A760039CB92 /* XcodeDirectInstallation-Bridging-Header.h */ = {isa = PBXFileReference; lastKnownFileType = sourcecode.c.h; path = "XcodeDirectInstallation-Bridging-Header.h"; sourceTree = "<group>"; };
		2D6C0443254A0A760039CB92 /* Dummy.swift */ = {isa = PBXFileReference; fileEncoding = 4; lastKnownFileType = sourcecode.swift; path = Dummy.swift; sourceTree = "<group>"; };
		2D6C0454254A0AF10039CB92 /* RevenueCat.xcodeproj */ = {isa = PBXFileReference; lastKnownFileType = "wrapper.pb-project"; name = RevenueCat.xcodeproj; path = ../../../RevenueCat.xcodeproj; sourceTree = "<group>"; };
		2D6C047B254A0C230039CB92 /* XcodeDirectInstallationTests-Bridging-Header.h */ = {isa = PBXFileReference; lastKnownFileType = sourcecode.c.h; path = "XcodeDirectInstallationTests-Bridging-Header.h"; sourceTree = "<group>"; };
		2DC19142255F1AFE0039389A /* InstallationTests.swift */ = {isa = PBXFileReference; fileEncoding = 4; lastKnownFileType = sourcecode.swift; path = InstallationTests.swift; sourceTree = "<group>"; };
/* End PBXFileReference section */

/* Begin PBXFrameworksBuildPhase section */
		2D6C03DC254A0A460039CB92 /* Frameworks */ = {
			isa = PBXFrameworksBuildPhase;
			buildActionMask = 2147483647;
			files = (
				2D4DC0CD27EE1B1400CE47C3 /* RevenueCat.framework in Frameworks */,
			);
			runOnlyForDeploymentPostprocessing = 0;
		};
		2D6C03F7254A0A470039CB92 /* Frameworks */ = {
			isa = PBXFrameworksBuildPhase;
			buildActionMask = 2147483647;
			files = (
			);
			runOnlyForDeploymentPostprocessing = 0;
		};
/* End PBXFrameworksBuildPhase section */

/* Begin PBXGroup section */
		2D4DC0B927EE1A4D00CE47C3 /* Products */ = {
			isa = PBXGroup;
			children = (
				2D4DC0C227EE1A4D00CE47C3 /* RevenueCat.framework */,
				2D4DC0C427EE1A4D00CE47C3 /* UnitTests.xctest */,
				2D4DC0C627EE1A4D00CE47C3 /* BackendIntegrationTestsHostApp.app */,
				2D4DC0C827EE1A4D00CE47C3 /* BackendIntegrationTests.xctest */,
				2D4DC0CA27EE1A4D00CE47C3 /* UnitTestsHostApp.app */,
				2D4DC0CC27EE1A4D00CE47C3 /* StoreKitUnitTests.xctest */,
			);
			name = Products;
			sourceTree = "<group>";
		};
		2D6C03D6254A0A460039CB92 = {
			isa = PBXGroup;
			children = (
				2D6C0454254A0AF10039CB92 /* RevenueCat.xcodeproj */,
				2D6C041D254A0A550039CB92 /* CommonFiles */,
				2D6C03E1254A0A460039CB92 /* XcodeDirectInstallation */,
				2D6C03FD254A0A470039CB92 /* XcodeDirectInstallationTests */,
				2D6C03E0254A0A460039CB92 /* Products */,
				2D6C046A254A0B290039CB92 /* Frameworks */,
			);
			sourceTree = "<group>";
		};
		2D6C03E0254A0A460039CB92 /* Products */ = {
			isa = PBXGroup;
			children = (
				2D6C03DF254A0A460039CB92 /* XcodeDirectInstallation.app */,
				2D6C03FA254A0A470039CB92 /* XcodeDirectInstallationTests.xctest */,
			);
			name = Products;
			sourceTree = "<group>";
		};
		2D6C03E1254A0A460039CB92 /* XcodeDirectInstallation */ = {
			isa = PBXGroup;
			children = (
				2D6C0442254A0A760039CB92 /* XcodeDirectInstallation-Bridging-Header.h */,
				2D6C047B254A0C230039CB92 /* XcodeDirectInstallationTests-Bridging-Header.h */,
			);
			path = XcodeDirectInstallation;
			sourceTree = "<group>";
		};
		2D6C03FD254A0A470039CB92 /* XcodeDirectInstallationTests */ = {
			isa = PBXGroup;
			children = (
				2D6C0400254A0A470039CB92 /* Info.plist */,
			);
			path = XcodeDirectInstallationTests;
			sourceTree = "<group>";
		};
		2D6C041D254A0A550039CB92 /* CommonFiles */ = {
			isa = PBXGroup;
			children = (
				2DC19142255F1AFE0039389A /* InstallationTests.swift */,
				2D6C0443254A0A760039CB92 /* Dummy.swift */,
				2D6C041F254A0A550039CB92 /* RCInstallationRunner.m */,
				2D6C0420254A0A550039CB92 /* AppDelegate.h */,
				2D6C0421254A0A550039CB92 /* Assets.xcassets */,
				2D6C0422254A0A550039CB92 /* ViewController.m */,
				2D6C0423254A0A550039CB92 /* SceneDelegate.m */,
				2D6C0424254A0A550039CB92 /* LaunchScreen.storyboard */,
				2D6C0426254A0A550039CB92 /* Main.storyboard */,
				2D6C0428254A0A550039CB92 /* RCInstallationRunner.h */,
				2D6C0429254A0A550039CB92 /* main.m */,
				2D6C042A254A0A550039CB92 /* AppDelegate.m */,
				2D6C042C254A0A550039CB92 /* Info.plist */,
				2D6C042D254A0A550039CB92 /* ViewController.h */,
				2D6C042E254A0A550039CB92 /* SceneDelegate.h */,
			);
			name = CommonFiles;
			path = ../CommonFiles;
			sourceTree = "<group>";
		};
		2D6C046A254A0B290039CB92 /* Frameworks */ = {
			isa = PBXGroup;
			children = (
			);
			name = Frameworks;
			sourceTree = "<group>";
		};
/* End PBXGroup section */

/* Begin PBXHeadersBuildPhase section */
		2D6C0486254A0CED0039CB92 /* Headers */ = {
			isa = PBXHeadersBuildPhase;
			buildActionMask = 2147483647;
			files = (
				2D6C0487254A0CF20039CB92 /* RCInstallationRunner.h in Headers */,
			);
			runOnlyForDeploymentPostprocessing = 0;
		};
/* End PBXHeadersBuildPhase section */

/* Begin PBXNativeTarget section */
		2D6C03DE254A0A460039CB92 /* XcodeDirectInstallation */ = {
			isa = PBXNativeTarget;
			buildConfigurationList = 2D6C040E254A0A470039CB92 /* Build configuration list for PBXNativeTarget "XcodeDirectInstallation" */;
			buildPhases = (
				2D6C0486254A0CED0039CB92 /* Headers */,
				2D6C03DB254A0A460039CB92 /* Sources */,
				2D6C03DC254A0A460039CB92 /* Frameworks */,
				2D6C03DD254A0A460039CB92 /* Resources */,
				2D6C0471254A0B290039CB92 /* Embed Frameworks */,
			);
			buildRules = (
			);
			dependencies = (
			);
			name = XcodeDirectInstallation;
			productName = XcodeDirectInstallation;
			productReference = 2D6C03DF254A0A460039CB92 /* XcodeDirectInstallation.app */;
			productType = "com.apple.product-type.application";
		};
		2D6C03F9254A0A470039CB92 /* XcodeDirectInstallationTests */ = {
			isa = PBXNativeTarget;
			buildConfigurationList = 2D6C0411254A0A470039CB92 /* Build configuration list for PBXNativeTarget "XcodeDirectInstallationTests" */;
			buildPhases = (
				2D6C03F6254A0A470039CB92 /* Sources */,
				2D6C03F7254A0A470039CB92 /* Frameworks */,
				2D6C03F8254A0A470039CB92 /* Resources */,
			);
			buildRules = (
			);
			dependencies = (
				2D6C03FC254A0A470039CB92 /* PBXTargetDependency */,
			);
			name = XcodeDirectInstallationTests;
			productName = XcodeDirectInstallationTests;
			productReference = 2D6C03FA254A0A470039CB92 /* XcodeDirectInstallationTests.xctest */;
			productType = "com.apple.product-type.bundle.unit-test";
		};
/* End PBXNativeTarget section */

/* Begin PBXProject section */
		2D6C03D7254A0A460039CB92 /* Project object */ = {
			isa = PBXProject;
			attributes = {
				LastUpgradeCheck = 1210;
				TargetAttributes = {
					2D6C03DE254A0A460039CB92 = {
						CreatedOnToolsVersion = 12.1;
						LastSwiftMigration = 1210;
					};
					2D6C03F9254A0A470039CB92 = {
						CreatedOnToolsVersion = 12.1;
						LastSwiftMigration = 1210;
						TestTargetID = 2D6C03DE254A0A460039CB92;
					};
				};
			};
			buildConfigurationList = 2D6C03DA254A0A460039CB92 /* Build configuration list for PBXProject "XcodeDirectInstallation" */;
			compatibilityVersion = "Xcode 9.3";
			developmentRegion = en;
			hasScannedForEncodings = 0;
			knownRegions = (
				en,
				Base,
			);
			mainGroup = 2D6C03D6254A0A460039CB92;
			productRefGroup = 2D6C03E0254A0A460039CB92 /* Products */;
			projectDirPath = "";
			projectReferences = (
				{
					ProductGroup = 2D4DC0B927EE1A4D00CE47C3 /* Products */;
					ProjectRef = 2D6C0454254A0AF10039CB92 /* RevenueCat.xcodeproj */;
				},
			);
			projectRoot = "";
			targets = (
				2D6C03DE254A0A460039CB92 /* XcodeDirectInstallation */,
				2D6C03F9254A0A470039CB92 /* XcodeDirectInstallationTests */,
			);
		};
/* End PBXProject section */

/* Begin PBXReferenceProxy section */
		2D4DC0C227EE1A4D00CE47C3 /* RevenueCat.framework */ = {
			isa = PBXReferenceProxy;
			fileType = wrapper.framework;
			path = RevenueCat.framework;
			remoteRef = 2D4DC0C127EE1A4D00CE47C3 /* PBXContainerItemProxy */;
			sourceTree = BUILT_PRODUCTS_DIR;
		};
		2D4DC0C427EE1A4D00CE47C3 /* UnitTests.xctest */ = {
			isa = PBXReferenceProxy;
			fileType = wrapper.cfbundle;
			path = UnitTests.xctest;
			remoteRef = 2D4DC0C327EE1A4D00CE47C3 /* PBXContainerItemProxy */;
			sourceTree = BUILT_PRODUCTS_DIR;
		};
		2D4DC0C627EE1A4D00CE47C3 /* BackendIntegrationTestsHostApp.app */ = {
			isa = PBXReferenceProxy;
			fileType = wrapper.application;
			path = BackendIntegrationTestsHostApp.app;
			remoteRef = 2D4DC0C527EE1A4D00CE47C3 /* PBXContainerItemProxy */;
			sourceTree = BUILT_PRODUCTS_DIR;
		};
		2D4DC0C827EE1A4D00CE47C3 /* BackendIntegrationTests.xctest */ = {
			isa = PBXReferenceProxy;
			fileType = wrapper.cfbundle;
			path = BackendIntegrationTests.xctest;
			remoteRef = 2D4DC0C727EE1A4D00CE47C3 /* PBXContainerItemProxy */;
			sourceTree = BUILT_PRODUCTS_DIR;
		};
		2D4DC0CA27EE1A4D00CE47C3 /* UnitTestsHostApp.app */ = {
			isa = PBXReferenceProxy;
			fileType = wrapper.application;
			path = UnitTestsHostApp.app;
			remoteRef = 2D4DC0C927EE1A4D00CE47C3 /* PBXContainerItemProxy */;
			sourceTree = BUILT_PRODUCTS_DIR;
		};
		2D4DC0CC27EE1A4D00CE47C3 /* StoreKitUnitTests.xctest */ = {
			isa = PBXReferenceProxy;
			fileType = wrapper.cfbundle;
			path = StoreKitUnitTests.xctest;
			remoteRef = 2D4DC0CB27EE1A4D00CE47C3 /* PBXContainerItemProxy */;
			sourceTree = BUILT_PRODUCTS_DIR;
		};
/* End PBXReferenceProxy section */

/* Begin PBXResourcesBuildPhase section */
		2D6C03DD254A0A460039CB92 /* Resources */ = {
			isa = PBXResourcesBuildPhase;
			buildActionMask = 2147483647;
			files = (
				2D6C0434254A0A550039CB92 /* Main.storyboard in Resources */,
				2D6C0430254A0A550039CB92 /* Assets.xcassets in Resources */,
				2D6C0433254A0A550039CB92 /* LaunchScreen.storyboard in Resources */,
			);
			runOnlyForDeploymentPostprocessing = 0;
		};
		2D6C03F8254A0A470039CB92 /* Resources */ = {
			isa = PBXResourcesBuildPhase;
			buildActionMask = 2147483647;
			files = (
			);
			runOnlyForDeploymentPostprocessing = 0;
		};
/* End PBXResourcesBuildPhase section */

/* Begin PBXSourcesBuildPhase section */
		2D6C03DB254A0A460039CB92 /* Sources */ = {
			isa = PBXSourcesBuildPhase;
			buildActionMask = 2147483647;
			files = (
				2D6C0431254A0A550039CB92 /* ViewController.m in Sources */,
				2D6C0432254A0A550039CB92 /* SceneDelegate.m in Sources */,
				2D6C0435254A0A550039CB92 /* main.m in Sources */,
				2D6C042F254A0A550039CB92 /* RCInstallationRunner.m in Sources */,
				2D6C0444254A0A760039CB92 /* Dummy.swift in Sources */,
				2D6C0436254A0A550039CB92 /* AppDelegate.m in Sources */,
			);
			runOnlyForDeploymentPostprocessing = 0;
		};
		2D6C03F6254A0A470039CB92 /* Sources */ = {
			isa = PBXSourcesBuildPhase;
			buildActionMask = 2147483647;
			files = (
				2DC19147255F1AFE0039389A /* InstallationTests.swift in Sources */,
			);
			runOnlyForDeploymentPostprocessing = 0;
		};
/* End PBXSourcesBuildPhase section */

/* Begin PBXTargetDependency section */
		2D6C03FC254A0A470039CB92 /* PBXTargetDependency */ = {
			isa = PBXTargetDependency;
			target = 2D6C03DE254A0A460039CB92 /* XcodeDirectInstallation */;
			targetProxy = 2D6C03FB254A0A470039CB92 /* PBXContainerItemProxy */;
		};
/* End PBXTargetDependency section */

/* Begin PBXVariantGroup section */
		2D6C0424254A0A550039CB92 /* LaunchScreen.storyboard */ = {
			isa = PBXVariantGroup;
			children = (
				2D6C0425254A0A550039CB92 /* Base */,
			);
			name = LaunchScreen.storyboard;
			sourceTree = "<group>";
		};
		2D6C0426254A0A550039CB92 /* Main.storyboard */ = {
			isa = PBXVariantGroup;
			children = (
				2D6C0427254A0A550039CB92 /* Base */,
			);
			name = Main.storyboard;
			sourceTree = "<group>";
		};
/* End PBXVariantGroup section */

/* Begin XCBuildConfiguration section */
		2D6C040C254A0A470039CB92 /* Debug */ = {
			isa = XCBuildConfiguration;
			buildSettings = {
				ALWAYS_SEARCH_USER_PATHS = NO;
				CLANG_ANALYZER_NONNULL = YES;
				CLANG_ANALYZER_NUMBER_OBJECT_CONVERSION = YES_AGGRESSIVE;
				CLANG_CXX_LANGUAGE_STANDARD = "gnu++14";
				CLANG_CXX_LIBRARY = "libc++";
				CLANG_ENABLE_MODULES = YES;
				CLANG_ENABLE_OBJC_ARC = YES;
				CLANG_ENABLE_OBJC_WEAK = YES;
				CLANG_WARN_BLOCK_CAPTURE_AUTORELEASING = YES;
				CLANG_WARN_BOOL_CONVERSION = YES;
				CLANG_WARN_COMMA = YES;
				CLANG_WARN_CONSTANT_CONVERSION = YES;
				CLANG_WARN_DEPRECATED_OBJC_IMPLEMENTATIONS = YES;
				CLANG_WARN_DIRECT_OBJC_ISA_USAGE = YES_ERROR;
				CLANG_WARN_DOCUMENTATION_COMMENTS = YES;
				CLANG_WARN_EMPTY_BODY = YES;
				CLANG_WARN_ENUM_CONVERSION = YES;
				CLANG_WARN_INFINITE_RECURSION = YES;
				CLANG_WARN_INT_CONVERSION = YES;
				CLANG_WARN_NON_LITERAL_NULL_CONVERSION = YES;
				CLANG_WARN_OBJC_IMPLICIT_RETAIN_SELF = YES;
				CLANG_WARN_OBJC_LITERAL_CONVERSION = YES;
				CLANG_WARN_OBJC_ROOT_CLASS = YES_ERROR;
				CLANG_WARN_QUOTED_INCLUDE_IN_FRAMEWORK_HEADER = YES;
				CLANG_WARN_RANGE_LOOP_ANALYSIS = YES;
				CLANG_WARN_STRICT_PROTOTYPES = YES;
				CLANG_WARN_SUSPICIOUS_MOVE = YES;
				CLANG_WARN_UNGUARDED_AVAILABILITY = YES_AGGRESSIVE;
				CLANG_WARN_UNREACHABLE_CODE = YES;
				CLANG_WARN__DUPLICATE_METHOD_MATCH = YES;
				COPY_PHASE_STRIP = NO;
				DEBUG_INFORMATION_FORMAT = dwarf;
				ENABLE_STRICT_OBJC_MSGSEND = YES;
				ENABLE_TESTABILITY = YES;
				GCC_C_LANGUAGE_STANDARD = gnu11;
				GCC_DYNAMIC_NO_PIC = NO;
				GCC_NO_COMMON_BLOCKS = YES;
				GCC_OPTIMIZATION_LEVEL = 0;
				GCC_PREPROCESSOR_DEFINITIONS = (
					"DEBUG=1",
					"$(inherited)",
				);
				GCC_WARN_64_TO_32_BIT_CONVERSION = YES;
				GCC_WARN_ABOUT_RETURN_TYPE = YES_ERROR;
				GCC_WARN_UNDECLARED_SELECTOR = YES;
				GCC_WARN_UNINITIALIZED_AUTOS = YES_AGGRESSIVE;
				GCC_WARN_UNUSED_FUNCTION = YES;
				GCC_WARN_UNUSED_VARIABLE = YES;
				IPHONEOS_DEPLOYMENT_TARGET = 14.1;
				MTL_ENABLE_DEBUG_INFO = INCLUDE_SOURCE;
				MTL_FAST_MATH = YES;
				ONLY_ACTIVE_ARCH = YES;
				SDKROOT = iphoneos;
			};
			name = Debug;
		};
		2D6C040D254A0A470039CB92 /* Release */ = {
			isa = XCBuildConfiguration;
			buildSettings = {
				ALWAYS_SEARCH_USER_PATHS = NO;
				CLANG_ANALYZER_NONNULL = YES;
				CLANG_ANALYZER_NUMBER_OBJECT_CONVERSION = YES_AGGRESSIVE;
				CLANG_CXX_LANGUAGE_STANDARD = "gnu++14";
				CLANG_CXX_LIBRARY = "libc++";
				CLANG_ENABLE_MODULES = YES;
				CLANG_ENABLE_OBJC_ARC = YES;
				CLANG_ENABLE_OBJC_WEAK = YES;
				CLANG_WARN_BLOCK_CAPTURE_AUTORELEASING = YES;
				CLANG_WARN_BOOL_CONVERSION = YES;
				CLANG_WARN_COMMA = YES;
				CLANG_WARN_CONSTANT_CONVERSION = YES;
				CLANG_WARN_DEPRECATED_OBJC_IMPLEMENTATIONS = YES;
				CLANG_WARN_DIRECT_OBJC_ISA_USAGE = YES_ERROR;
				CLANG_WARN_DOCUMENTATION_COMMENTS = YES;
				CLANG_WARN_EMPTY_BODY = YES;
				CLANG_WARN_ENUM_CONVERSION = YES;
				CLANG_WARN_INFINITE_RECURSION = YES;
				CLANG_WARN_INT_CONVERSION = YES;
				CLANG_WARN_NON_LITERAL_NULL_CONVERSION = YES;
				CLANG_WARN_OBJC_IMPLICIT_RETAIN_SELF = YES;
				CLANG_WARN_OBJC_LITERAL_CONVERSION = YES;
				CLANG_WARN_OBJC_ROOT_CLASS = YES_ERROR;
				CLANG_WARN_QUOTED_INCLUDE_IN_FRAMEWORK_HEADER = YES;
				CLANG_WARN_RANGE_LOOP_ANALYSIS = YES;
				CLANG_WARN_STRICT_PROTOTYPES = YES;
				CLANG_WARN_SUSPICIOUS_MOVE = YES;
				CLANG_WARN_UNGUARDED_AVAILABILITY = YES_AGGRESSIVE;
				CLANG_WARN_UNREACHABLE_CODE = YES;
				CLANG_WARN__DUPLICATE_METHOD_MATCH = YES;
				COPY_PHASE_STRIP = NO;
				DEBUG_INFORMATION_FORMAT = "dwarf-with-dsym";
				ENABLE_NS_ASSERTIONS = NO;
				ENABLE_STRICT_OBJC_MSGSEND = YES;
				GCC_C_LANGUAGE_STANDARD = gnu11;
				GCC_NO_COMMON_BLOCKS = YES;
				GCC_WARN_64_TO_32_BIT_CONVERSION = YES;
				GCC_WARN_ABOUT_RETURN_TYPE = YES_ERROR;
				GCC_WARN_UNDECLARED_SELECTOR = YES;
				GCC_WARN_UNINITIALIZED_AUTOS = YES_AGGRESSIVE;
				GCC_WARN_UNUSED_FUNCTION = YES;
				GCC_WARN_UNUSED_VARIABLE = YES;
				IPHONEOS_DEPLOYMENT_TARGET = 14.1;
				MTL_ENABLE_DEBUG_INFO = NO;
				MTL_FAST_MATH = YES;
				SDKROOT = iphoneos;
				VALIDATE_PRODUCT = YES;
			};
			name = Release;
		};
		2D6C040F254A0A470039CB92 /* Debug */ = {
			isa = XCBuildConfiguration;
			buildSettings = {
				ASSETCATALOG_COMPILER_APPICON_NAME = AppIcon;
				ASSETCATALOG_COMPILER_GLOBAL_ACCENT_COLOR_NAME = AccentColor;
				CLANG_ENABLE_MODULES = YES;
				CODE_SIGN_IDENTITY = "iPhone Distribution";
				CODE_SIGN_STYLE = Manual;
				DEVELOPMENT_TEAM = 8SXR2327BM;
				INFOPLIST_FILE = "$(SRCROOT)/../CommonFiles/Info.plist";
				IPHONEOS_DEPLOYMENT_TARGET = 14.0;
				LD_RUNPATH_SEARCH_PATHS = (
					"$(inherited)",
					"@executable_path/Frameworks",
				);
				PRODUCT_BUNDLE_IDENTIFIER = com.revenuecat.XcodeDirectIntegration;
				PRODUCT_NAME = "$(TARGET_NAME)";
				PROVISIONING_PROFILE_SPECIFIER = "match AppStore com.revenuecat.XcodeDirectIntegration";
				SWIFT_OBJC_BRIDGING_HEADER = "XcodeDirectInstallation/XcodeDirectInstallation-Bridging-Header.h";
				SWIFT_OPTIMIZATION_LEVEL = "-Onone";
				SWIFT_VERSION = 5.0;
				TARGETED_DEVICE_FAMILY = "1,2";
			};
			name = Debug;
		};
		2D6C0410254A0A470039CB92 /* Release */ = {
			isa = XCBuildConfiguration;
			buildSettings = {
				ASSETCATALOG_COMPILER_APPICON_NAME = AppIcon;
				ASSETCATALOG_COMPILER_GLOBAL_ACCENT_COLOR_NAME = AccentColor;
				CLANG_ENABLE_MODULES = YES;
				CODE_SIGN_IDENTITY = "iPhone Distribution";
				CODE_SIGN_STYLE = Manual;
				DEVELOPMENT_TEAM = 8SXR2327BM;
				INFOPLIST_FILE = "$(SRCROOT)/../CommonFiles/Info.plist";
				IPHONEOS_DEPLOYMENT_TARGET = 14.0;
				LD_RUNPATH_SEARCH_PATHS = (
					"$(inherited)",
					"@executable_path/Frameworks",
				);
				PRODUCT_BUNDLE_IDENTIFIER = com.revenuecat.XcodeDirectIntegration;
				PRODUCT_NAME = "$(TARGET_NAME)";
				PROVISIONING_PROFILE_SPECIFIER = "match AppStore com.revenuecat.XcodeDirectIntegration";
				SWIFT_OBJC_BRIDGING_HEADER = "XcodeDirectInstallation/XcodeDirectInstallation-Bridging-Header.h";
				SWIFT_VERSION = 5.0;
				TARGETED_DEVICE_FAMILY = "1,2";
			};
			name = Release;
		};
		2D6C0412254A0A470039CB92 /* Debug */ = {
			isa = XCBuildConfiguration;
			buildSettings = {
				ALWAYS_EMBED_SWIFT_STANDARD_LIBRARIES = YES;
				BUNDLE_LOADER = "$(TEST_HOST)";
				CLANG_ENABLE_MODULES = YES;
				CODE_SIGN_STYLE = Automatic;
				DEVELOPMENT_TEAM = 8SXR2327BM;
				INFOPLIST_FILE = XcodeDirectInstallationTests/Info.plist;
				IPHONEOS_DEPLOYMENT_TARGET = 14.0;
				LD_RUNPATH_SEARCH_PATHS = (
					"$(inherited)",
					"@executable_path/Frameworks",
					"@loader_path/Frameworks",
				);
				OTHER_SWIFT_FLAGS = "-DXCODE_INSTALLATION";
				PRODUCT_BUNDLE_IDENTIFIER = com.revenuecat.XcodeDirectIntegrationTests;
				PRODUCT_NAME = "$(TARGET_NAME)";
				SWIFT_OBJC_BRIDGING_HEADER = "XcodeDirectInstallation/XcodeDirectInstallationTests-Bridging-Header.h";
				SWIFT_OPTIMIZATION_LEVEL = "-Onone";
				SWIFT_VERSION = 5.0;
				TARGETED_DEVICE_FAMILY = "1,2";
				TEST_HOST = "$(BUILT_PRODUCTS_DIR)/XcodeDirectInstallation.app/XcodeDirectInstallation";
			};
			name = Debug;
		};
		2D6C0413254A0A470039CB92 /* Release */ = {
			isa = XCBuildConfiguration;
			buildSettings = {
				ALWAYS_EMBED_SWIFT_STANDARD_LIBRARIES = YES;
				BUNDLE_LOADER = "$(TEST_HOST)";
				CLANG_ENABLE_MODULES = YES;
				CODE_SIGN_STYLE = Automatic;
				DEVELOPMENT_TEAM = 8SXR2327BM;
				INFOPLIST_FILE = XcodeDirectInstallationTests/Info.plist;
				IPHONEOS_DEPLOYMENT_TARGET = 14.0;
				LD_RUNPATH_SEARCH_PATHS = (
					"$(inherited)",
					"@executable_path/Frameworks",
					"@loader_path/Frameworks",
				);
				OTHER_SWIFT_FLAGS = "-DXCODE_INSTALLATION";
				PRODUCT_BUNDLE_IDENTIFIER = com.revenuecat.XcodeDirectIntegrationTests;
				PRODUCT_NAME = "$(TARGET_NAME)";
				SWIFT_OBJC_BRIDGING_HEADER = "XcodeDirectInstallation/XcodeDirectInstallationTests-Bridging-Header.h";
				SWIFT_VERSION = 5.0;
				TARGETED_DEVICE_FAMILY = "1,2";
				TEST_HOST = "$(BUILT_PRODUCTS_DIR)/XcodeDirectInstallation.app/XcodeDirectInstallation";
			};
			name = Release;
		};
/* End XCBuildConfiguration section */

/* Begin XCConfigurationList section */
		2D6C03DA254A0A460039CB92 /* Build configuration list for PBXProject "XcodeDirectInstallation" */ = {
			isa = XCConfigurationList;
			buildConfigurations = (
				2D6C040C254A0A470039CB92 /* Debug */,
				2D6C040D254A0A470039CB92 /* Release */,
			);
			defaultConfigurationIsVisible = 0;
			defaultConfigurationName = Release;
		};
		2D6C040E254A0A470039CB92 /* Build configuration list for PBXNativeTarget "XcodeDirectInstallation" */ = {
			isa = XCConfigurationList;
			buildConfigurations = (
				2D6C040F254A0A470039CB92 /* Debug */,
				2D6C0410254A0A470039CB92 /* Release */,
			);
			defaultConfigurationIsVisible = 0;
			defaultConfigurationName = Release;
		};
		2D6C0411254A0A470039CB92 /* Build configuration list for PBXNativeTarget "XcodeDirectInstallationTests" */ = {
			isa = XCConfigurationList;
			buildConfigurations = (
				2D6C0412254A0A470039CB92 /* Debug */,
				2D6C0413254A0A470039CB92 /* Release */,
			);
			defaultConfigurationIsVisible = 0;
			defaultConfigurationName = Release;
		};
/* End XCConfigurationList section */
	};
	rootObject = 2D6C03D7254A0A460039CB92 /* Project object */;
}
