{
  "originHash" : "e633518309636ee71e7715642dfae1094b560b9f95bc7314f6244727356acfee",
  "pins" : [
    {
      "identity" : "purchases-ios",
      "kind" : "remoteSourceControl",
      "location" : "https://github.com/RevenueCat/purchases-ios",
      "state" : {
        "branch" : "main",
        "revision" : "b98fffe11002d5ab957acdd446755008a85becd6"
      }
    }
  ],
  "version" : 3
}
