PODS:
  - RevenueCat (4.33.0-SNAPSHOT)
  - RevenueCatUI (4.33.0-SNAPSHOT):
    - RevenueCat (= 4.33.0-SNAPSHOT)

DEPENDENCIES:
  - RevenueCat (from `../../../`)
  - RevenueCatUI (from `../../../`)

EXTERNAL SOURCES:
  RevenueCat:
    :path: "../../../"
  RevenueCatUI:
    :path: "../../../"

SPEC CHECKSUMS:
  RevenueCat: 88896ba961dc66fe896fcf9515f44fe2140fe998
  RevenueCatUI: 0cee23f8f484e980c3fb2a2c9291ade9e94f1f40

PODFILE CHECKSUM: 76cac2eb76585f1ffbbe07c1f9ae489dc20b78cc

COCOAPODS: 1.12.1
