{
  "object": {
    "pins": [
      {
        "package": "RevenueCat",
        "repositoryURL": "https://github.com/RevenueCat/purchases-ios.git",
        "state": {
          "branch": "main",
          "revision": "9804003e87ff308e1c4b3f4cddb4659d7ef8a09c",
          "version": null
        }
      }
    ]
  },
  "version": 1
}
