{
  "object": {
    "pins": [
      {
        "package": "RevenueCat",
        "repositoryURL": "https://github.com/RevenueCat/purchases-ios.git",
        "state": {
          "branch": "main",
          "revision": "caf58d14b715bf0b510f93e5fd7cae6dab912784",
          "version": null
        }
      }
    ]
  },
  "version": 1
}
