{
  "object": {
    "pins": [
      {
        "package": "RevenueCat",
        "repositoryURL": "https://github.com/RevenueCat/purchases-ios.git",
        "state": {
          "branch": "release/4.0.0-beta.2",
          "revision": "4f8432be1de7c2eb1847ffe3a384504dd6f60c30",
          "version": null
        }
      }
    ]
  },
  "version": 1
}
