# @generated - this file is auto-generated by `mise lock` https://mise.en.dev/dev-tools/mise-lock.html

[[tools.ruby]]
version = "3.3.0"
backend = "core:ruby"

[tools.ruby.options]
compile = "false"
precompiled_url = "jdx/ruby"
ruby_build_repo = "https://github.com/rbenv/ruby-build.git"
ruby_install = "false"

[tools.ruby."platforms.linux-arm64"]
checksum = "sha256:64dd2780c027aec0c363b2ed700697e53bb6582eaae46e7553c6908c12002c5e"
url = "https://github.com/jdx/ruby/releases/download/3.3.0/ruby-3.3.0.arm64_linux.tar.gz"
provenance = "github-attestations"

[tools.ruby."platforms.linux-x64"]
checksum = "sha256:c7ec59972aaae361639e21055312e2135d09c28c6e04474c794b14087d0d46db"
url = "https://github.com/jdx/ruby/releases/download/3.3.0/ruby-3.3.0.x86_64_linux.tar.gz"
provenance = "github-attestations"

[tools.ruby."platforms.macos-arm64"]
checksum = "sha256:8a531af9e0593bd6a81138407d2118b91a524124e49d74ec3c68b8df3ae9c11d"
url = "https://github.com/jdx/ruby/releases/download/3.3.0/ruby-3.3.0.macos.tar.gz"
provenance = "github-attestations"

[tools.ruby."platforms.macos-x64"]
checksum = "sha256:96518814d9832bece92a85415a819d4893b307db5921ae1f0f751a9a89a56b7d"
url = "https://cache.ruby-lang.org/pub/ruby/3.3/ruby-3.3.0.tar.gz"

[[tools.swiftlint]]
version = "0.62.2"
backend = "aqua:realm/SwiftLint"

[tools.swiftlint."platforms.linux-arm64"]
checksum = "sha256:a90ea84be3675e787c5784e46dcb5d173a3bf0b35b4f4e9e455d7b8eb728947e"
url = "https://github.com/realm/SwiftLint/releases/download/0.62.2/swiftlint_linux_arm64.zip"
url_api = "https://api.github.com/repos/realm/SwiftLint/releases/assets/309770383"

[tools.swiftlint."platforms.linux-x64"]
checksum = "sha256:d44e21c234cded72e1735abb32e8c641fadaf60270ef49ea6abf979a47a31deb"
url = "https://github.com/realm/SwiftLint/releases/download/0.62.2/swiftlint_linux_amd64.zip"
url_api = "https://api.github.com/repos/realm/SwiftLint/releases/assets/309770374"

[tools.swiftlint."platforms.macos-arm64"]
checksum = "sha256:79625bece2716395d955d34a5993e6c948ef57d0256abe5538aaab82f2ad6b68"
url = "https://github.com/realm/SwiftLint/releases/download/0.62.2/portable_swiftlint.zip"
url_api = "https://api.github.com/repos/realm/SwiftLint/releases/assets/309770381"

[tools.swiftlint."platforms.macos-x64"]
checksum = "sha256:79625bece2716395d955d34a5993e6c948ef57d0256abe5538aaab82f2ad6b68"
url = "https://github.com/realm/SwiftLint/releases/download/0.62.2/portable_swiftlint.zip"
url_api = "https://api.github.com/repos/realm/SwiftLint/releases/assets/309770381"

[[tools.tuist]]
version = "4.48.2"
backend = "aqua:tuist/tuist"

[tools.tuist."platforms.macos-arm64"]
checksum = "sha256:0f506c997429e84734fb9285e6f5c925dd1348339b98b73ca350398075c0fb52"
url = "https://github.com/tuist/tuist/releases/download/4.48.2/tuist.zip"
url_api = "https://api.github.com/repos/tuist/tuist/releases/assets/248866156"

[tools.tuist."platforms.macos-x64"]
checksum = "sha256:0f506c997429e84734fb9285e6f5c925dd1348339b98b73ca350398075c0fb52"
url = "https://github.com/tuist/tuist/releases/download/4.48.2/tuist.zip"
url_api = "https://api.github.com/repos/tuist/tuist/releases/assets/248866156"

[[tools.xcbeautify]]
version = "2.30.1"
backend = "aqua:cpisciotta/xcbeautify"

[tools.xcbeautify."platforms.linux-x64"]
checksum = "sha256:9d9ad531d34cefbcb76095dda31083d3509e9df8b1427acb09d43babd2ef75a5"
url = "https://github.com/cpisciotta/xcbeautify/releases/download/2.30.1/xcbeautify-2.30.1-x86_64-unknown-linux-gnu.tar.xz"
url_api = "https://api.github.com/repos/cpisciotta/xcbeautify/releases/assets/281202797"

[tools.xcbeautify."platforms.macos-arm64"]
checksum = "sha256:2f7f4f8ef2776d1b390885f3c09d0a1447051b366aa05cf03ddd6c8c1aeddbbc"
url = "https://github.com/cpisciotta/xcbeautify/releases/download/2.30.1/xcbeautify-2.30.1-arm64-apple-macosx.zip"
url_api = "https://api.github.com/repos/cpisciotta/xcbeautify/releases/assets/281203184"

[tools.xcbeautify."platforms.macos-x64"]
checksum = "sha256:e90c7a81fe0c9db216254fca75ad93079d1d52715836b8e6d812bafcf5446077"
url = "https://github.com/cpisciotta/xcbeautify/releases/download/2.30.1/xcbeautify-2.30.1-x86_64-apple-macosx.zip"
url_api = "https://api.github.com/repos/cpisciotta/xcbeautify/releases/assets/281203181"
