PODS:
  - Purchases (3.8.0-SNAPSHOT):
    - PurchasesCoreSwift (= 3.8.0-SNAPSHOT)
  - PurchasesCoreSwift (3.8.0-SNAPSHOT)

DEPENDENCIES:
  - Purchases (from `../../`)
  - PurchasesCoreSwift (from `../../`)

EXTERNAL SOURCES:
  Purchases:
    :path: "../../"
  PurchasesCoreSwift:
    :path: "../../"

SPEC CHECKSUMS:
  Purchases: 6778455b214c327fed4b850d6860c12e45db93f9
  PurchasesCoreSwift: 10136558374deec2fa57586bc5026e899cee306b

PODFILE CHECKSUM: abf85a7b493b4247cdd1f63fcaee462b025a5eed

COCOAPODS: 1.8.4
