// !$*UTF8*$!
{
	archiveVersion = 1;
	classes = {
	};
	objectVersion = 55;
	objects = {

/* Begin PBXBuildFile section */
		1065CCB4BB3E94D66A063E21 /* PackageCell.swift in Sources */ = {isa = PBXBuildFile; fileRef = A90A08146AE8C005B05144A5 /* PackageCell.swift */; };
		2F704AC77AEC2A10D7C04E02 /* RevenueCat.framework in Embed Frameworks */ = {isa = PBXBuildFile; fileRef = 00B11FF935E6C87A5BE6E8A8 /* RevenueCat.framework */; settings = {ATTRIBUTES = (CodeSignOnCopy, RemoveHeadersOnCopy, ); }; };
		332A944A5C236E8A82994333 /* TuistAssets+MagicWeather.swift in Sources */ = {isa = PBXBuildFile; fileRef = 33C3B1CAFF9927CE41F9CD70 /* TuistAssets+MagicWeather.swift */; };
		3BDE45EEBBAC64E164985840 /* Assets.xcassets in Resources */ = {isa = PBXBuildFile; fileRef = B7D83641A3BEA2A80D59F60A /* Assets.xcassets */; };
		51DF56C7C248B3A0B686D3F4 /* Errors.swift in Sources */ = {isa = PBXBuildFile; fileRef = 992DA96B41D15177E3631D3D /* Errors.swift */; };
		5B4E25CAAA4308DE19AAE7B7 /* SplashScreenViewController.swift in Sources */ = {isa = PBXBuildFile; fileRef = 6F3D4E82CB455B1FD93D38AA /* SplashScreenViewController.swift */; };
		698C26102B365A2FD84131DA /* RevenueCatUI.framework in Embed Frameworks */ = {isa = PBXBuildFile; fileRef = 67FC64E0DA7B5D33517AF018 /* RevenueCatUI.framework */; settings = {ATTRIBUTES = (CodeSignOnCopy, RemoveHeadersOnCopy, ); }; };
		73679D6C3DB163AD856BE20A /* RevenueCat.framework in Frameworks */ = {isa = PBXBuildFile; fileRef = 00B11FF935E6C87A5BE6E8A8 /* RevenueCat.framework */; };
		8DCF484195A00B76F1857EB2 /* AppDelegate.swift in Sources */ = {isa = PBXBuildFile; fileRef = 0E83BD63E6C2A1D892E52B04 /* AppDelegate.swift */; };
		924992EF3ACDCBA9B579CBA3 /* WeatherViewController.swift in Sources */ = {isa = PBXBuildFile; fileRef = 6A459CB95735D6FC471FD001 /* WeatherViewController.swift */; };
		A09967C4A53DA1E90827AD11 /* SceneDelegate.swift in Sources */ = {isa = PBXBuildFile; fileRef = 36B758C57A6EE6FE6212141C /* SceneDelegate.swift */; };
		A9AD191CE4BA312FA9E100C3 /* Constants.swift in Sources */ = {isa = PBXBuildFile; fileRef = 6F1BA8A04F72922EBAD819DA /* Constants.swift */; };
		ABEC5D02D4D9C42BC19BBDBD /* UserViewController.swift in Sources */ = {isa = PBXBuildFile; fileRef = 0967EDE23CD011015F4D0613 /* UserViewController.swift */; };
		D77941F01F2E367E6CF11536 /* SampleData.swift in Sources */ = {isa = PBXBuildFile; fileRef = D519AE4B2AB9A5325985CF36 /* SampleData.swift */; };
		E2A3591BA48FDC19ED0C22C9 /* RevenueCatUI.framework in Frameworks */ = {isa = PBXBuildFile; fileRef = 67FC64E0DA7B5D33517AF018 /* RevenueCatUI.framework */; };
		EF8E3C9CE86F24B1D7DA9E35 /* TuistBundle+MagicWeather.swift in Sources */ = {isa = PBXBuildFile; fileRef = 753C50E09FE1248725367386 /* TuistBundle+MagicWeather.swift */; };
/* End PBXBuildFile section */

/* Begin PBXCopyFilesBuildPhase section */
		1A1F97EAA1D19CF6DA81AE1E /* Embed Frameworks */ = {
			isa = PBXCopyFilesBuildPhase;
			buildActionMask = 2147483647;
			dstPath = "";
			dstSubfolderSpec = 10;
			files = (
				2F704AC77AEC2A10D7C04E02 /* RevenueCat.framework in Embed Frameworks */,
				698C26102B365A2FD84131DA /* RevenueCatUI.framework in Embed Frameworks */,
			);
			name = "Embed Frameworks";
			runOnlyForDeploymentPostprocessing = 0;
		};
/* End PBXCopyFilesBuildPhase section */

/* Begin PBXFileReference section */
		00B11FF935E6C87A5BE6E8A8 /* RevenueCat.framework */ = {isa = PBXFileReference; explicitFileType = wrapper.framework; includeInIndex = 0; path = RevenueCat.framework; sourceTree = BUILT_PRODUCTS_DIR; };
		0967EDE23CD011015F4D0613 /* UserViewController.swift */ = {isa = PBXFileReference; lastKnownFileType = sourcecode.swift; path = UserViewController.swift; sourceTree = "<group>"; };
		0E83BD63E6C2A1D892E52B04 /* AppDelegate.swift */ = {isa = PBXFileReference; lastKnownFileType = sourcecode.swift; path = AppDelegate.swift; sourceTree = "<group>"; };
		33C3B1CAFF9927CE41F9CD70 /* TuistAssets+MagicWeather.swift */ = {isa = PBXFileReference; lastKnownFileType = sourcecode.swift; path = "TuistAssets+MagicWeather.swift"; sourceTree = "<group>"; };
		36B758C57A6EE6FE6212141C /* SceneDelegate.swift */ = {isa = PBXFileReference; lastKnownFileType = sourcecode.swift; path = SceneDelegate.swift; sourceTree = "<group>"; };
		67FC64E0DA7B5D33517AF018 /* RevenueCatUI.framework */ = {isa = PBXFileReference; explicitFileType = wrapper.framework; includeInIndex = 0; path = RevenueCatUI.framework; sourceTree = BUILT_PRODUCTS_DIR; };
		6A459CB95735D6FC471FD001 /* WeatherViewController.swift */ = {isa = PBXFileReference; lastKnownFileType = sourcecode.swift; path = WeatherViewController.swift; sourceTree = "<group>"; };
		6F1BA8A04F72922EBAD819DA /* Constants.swift */ = {isa = PBXFileReference; lastKnownFileType = sourcecode.swift; path = Constants.swift; sourceTree = "<group>"; };
		6F3D4E82CB455B1FD93D38AA /* SplashScreenViewController.swift */ = {isa = PBXFileReference; lastKnownFileType = sourcecode.swift; path = SplashScreenViewController.swift; sourceTree = "<group>"; };
		753C50E09FE1248725367386 /* TuistBundle+MagicWeather.swift */ = {isa = PBXFileReference; lastKnownFileType = sourcecode.swift; path = "TuistBundle+MagicWeather.swift"; sourceTree = "<group>"; };
		992DA96B41D15177E3631D3D /* Errors.swift */ = {isa = PBXFileReference; lastKnownFileType = sourcecode.swift; path = Errors.swift; sourceTree = "<group>"; };
		A90A08146AE8C005B05144A5 /* PackageCell.swift */ = {isa = PBXFileReference; lastKnownFileType = sourcecode.swift; path = PackageCell.swift; sourceTree = "<group>"; };
		B7D83641A3BEA2A80D59F60A /* Assets.xcassets */ = {isa = PBXFileReference; lastKnownFileType = folder.assetcatalog; path = Assets.xcassets; sourceTree = "<group>"; };
		BBF3C1C7DC749E6602010842 /* MagicWeather-Info.plist */ = {isa = PBXFileReference; lastKnownFileType = text.plist; path = "MagicWeather-Info.plist"; sourceTree = "<group>"; };
		D519AE4B2AB9A5325985CF36 /* SampleData.swift */ = {isa = PBXFileReference; lastKnownFileType = sourcecode.swift; path = SampleData.swift; sourceTree = "<group>"; };
		F19D7D4D26AA12B64F5C344F /* MagicWeather.app */ = {isa = PBXFileReference; explicitFileType = wrapper.application; includeInIndex = 0; path = MagicWeather.app; sourceTree = BUILT_PRODUCTS_DIR; };
/* End PBXFileReference section */

/* Begin PBXFrameworksBuildPhase section */
		27C1CDA5786808E35C926307 /* Frameworks */ = {
			isa = PBXFrameworksBuildPhase;
			buildActionMask = 2147483647;
			files = (
				73679D6C3DB163AD856BE20A /* RevenueCat.framework in Frameworks */,
				E2A3591BA48FDC19ED0C22C9 /* RevenueCatUI.framework in Frameworks */,
			);
			runOnlyForDeploymentPostprocessing = 0;
		};
/* End PBXFrameworksBuildPhase section */

/* Begin PBXGroup section */
		1ADC5528742C8FC02CE97362 /* MagicWeather */ = {
			isa = PBXGroup;
			children = (
				C4DD375A7F60D2C73E3110C2 /* Resources */,
				98BCB06BF3D4F9B80450B731 /* Sources */,
				6F1BA8A04F72922EBAD819DA /* Constants.swift */,
			);
			path = MagicWeather;
			sourceTree = "<group>";
		};
		27BCC4FE59AAAA420C21265B /* Views */ = {
			isa = PBXGroup;
			children = (
				A90A08146AE8C005B05144A5 /* PackageCell.swift */,
			);
			path = Views;
			sourceTree = "<group>";
		};
		47A2962F7A060F89C47C162C /* Sources */ = {
			isa = PBXGroup;
			children = (
				33C3B1CAFF9927CE41F9CD70 /* TuistAssets+MagicWeather.swift */,
				753C50E09FE1248725367386 /* TuistBundle+MagicWeather.swift */,
			);
			path = Sources;
			sourceTree = "<group>";
		};
		68B0497CA188975AE9EECB71 /* Helpers */ = {
			isa = PBXGroup;
			children = (
				992DA96B41D15177E3631D3D /* Errors.swift */,
				D519AE4B2AB9A5325985CF36 /* SampleData.swift */,
			);
			path = Helpers;
			sourceTree = "<group>";
		};
		6A571EB63F5968A07C8B2900 /* Controllers */ = {
			isa = PBXGroup;
			children = (
				6F3D4E82CB455B1FD93D38AA /* SplashScreenViewController.swift */,
				0967EDE23CD011015F4D0613 /* UserViewController.swift */,
				6A459CB95735D6FC471FD001 /* WeatherViewController.swift */,
			);
			path = Controllers;
			sourceTree = "<group>";
		};
		927575168FFC0306B47AEE2F /* Derived */ = {
			isa = PBXGroup;
			children = (
				C7DDEE374E324341D0012216 /* InfoPlists */,
				47A2962F7A060F89C47C162C /* Sources */,
			);
			path = Derived;
			sourceTree = "<group>";
		};
		98BCB06BF3D4F9B80450B731 /* Sources */ = {
			isa = PBXGroup;
			children = (
				6A571EB63F5968A07C8B2900 /* Controllers */,
				68B0497CA188975AE9EECB71 /* Helpers */,
				A5FA5D2585CCC0DB760FD70F /* Lifecycle */,
				27BCC4FE59AAAA420C21265B /* Views */,
			);
			path = Sources;
			sourceTree = "<group>";
		};
		A5FA5D2585CCC0DB760FD70F /* Lifecycle */ = {
			isa = PBXGroup;
			children = (
				0E83BD63E6C2A1D892E52B04 /* AppDelegate.swift */,
				36B758C57A6EE6FE6212141C /* SceneDelegate.swift */,
			);
			path = Lifecycle;
			sourceTree = "<group>";
		};
		AD7BBA323B2BE5671D526E23 = {
			isa = PBXGroup;
			children = (
				F0B41D56B75357AA98087904 /* Project */,
				E9A8966EEC7AEB12321CA495 /* Products */,
			);
			sourceTree = "<group>";
		};
		C4DD375A7F60D2C73E3110C2 /* Resources */ = {
			isa = PBXGroup;
			children = (
				B7D83641A3BEA2A80D59F60A /* Assets.xcassets */,
			);
			path = Resources;
			sourceTree = "<group>";
		};
		C7DDEE374E324341D0012216 /* InfoPlists */ = {
			isa = PBXGroup;
			children = (
				BBF3C1C7DC749E6602010842 /* MagicWeather-Info.plist */,
			);
			path = InfoPlists;
			sourceTree = "<group>";
		};
		E9A8966EEC7AEB12321CA495 /* Products */ = {
			isa = PBXGroup;
			children = (
				F19D7D4D26AA12B64F5C344F /* MagicWeather.app */,
				00B11FF935E6C87A5BE6E8A8 /* RevenueCat.framework */,
				67FC64E0DA7B5D33517AF018 /* RevenueCatUI.framework */,
			);
			name = Products;
			sourceTree = "<group>";
		};
		F0B41D56B75357AA98087904 /* Project */ = {
			isa = PBXGroup;
			children = (
				927575168FFC0306B47AEE2F /* Derived */,
				1ADC5528742C8FC02CE97362 /* MagicWeather */,
			);
			name = Project;
			sourceTree = "<group>";
		};
/* End PBXGroup section */

/* Begin PBXNativeTarget section */
		8CA00CCCA2D8A3F7370C14CB /* MagicWeather */ = {
			isa = PBXNativeTarget;
			buildConfigurationList = 4A22AF8B35CDF2F1BB74343B /* Build configuration list for PBXNativeTarget "MagicWeather" */;
			buildPhases = (
				0F6EA5C9012E5EFF4FEFE7CA /* Sources */,
				DC138E2BE3D049A6372E9A77 /* Resources */,
				27C1CDA5786808E35C926307 /* Frameworks */,
				1A1F97EAA1D19CF6DA81AE1E /* Embed Frameworks */,
			);
			buildRules = (
			);
			dependencies = (
			);
			name = MagicWeather;
			packageProductDependencies = (
			);
			productName = MagicWeather;
			productReference = F19D7D4D26AA12B64F5C344F /* MagicWeather.app */;
			productType = "com.apple.product-type.application";
		};
/* End PBXNativeTarget section */

/* Begin PBXProject section */
		6F6DC1CDA4E7E5EE45D2566A /* Project object */ = {
			isa = PBXProject;
			attributes = {
				BuildIndependentTargetsInParallel = YES;
				ORGANIZATIONNAME = "RevenueCat, Inc.";
			};
			buildConfigurationList = 05BAB7B35F477C6D1EE6374B /* Build configuration list for PBXProject "MagicWeather" */;
			compatibilityVersion = "Xcode 14.0";
			developmentRegion = en;
			hasScannedForEncodings = 0;
			knownRegions = (
				Base,
				en,
			);
			mainGroup = AD7BBA323B2BE5671D526E23;
			productRefGroup = E9A8966EEC7AEB12321CA495 /* Products */;
			projectDirPath = "";
			projectRoot = "";
			targets = (
				8CA00CCCA2D8A3F7370C14CB /* MagicWeather */,
			);
		};
/* End PBXProject section */

/* Begin PBXResourcesBuildPhase section */
		DC138E2BE3D049A6372E9A77 /* Resources */ = {
			isa = PBXResourcesBuildPhase;
			buildActionMask = 2147483647;
			files = (
				3BDE45EEBBAC64E164985840 /* Assets.xcassets in Resources */,
			);
			runOnlyForDeploymentPostprocessing = 0;
		};
/* End PBXResourcesBuildPhase section */

/* Begin PBXSourcesBuildPhase section */
		0F6EA5C9012E5EFF4FEFE7CA /* Sources */ = {
			isa = PBXSourcesBuildPhase;
			buildActionMask = 2147483647;
			files = (
				332A944A5C236E8A82994333 /* TuistAssets+MagicWeather.swift in Sources */,
				EF8E3C9CE86F24B1D7DA9E35 /* TuistBundle+MagicWeather.swift in Sources */,
				A9AD191CE4BA312FA9E100C3 /* Constants.swift in Sources */,
				5B4E25CAAA4308DE19AAE7B7 /* SplashScreenViewController.swift in Sources */,
				ABEC5D02D4D9C42BC19BBDBD /* UserViewController.swift in Sources */,
				924992EF3ACDCBA9B579CBA3 /* WeatherViewController.swift in Sources */,
				51DF56C7C248B3A0B686D3F4 /* Errors.swift in Sources */,
				D77941F01F2E367E6CF11536 /* SampleData.swift in Sources */,
				8DCF484195A00B76F1857EB2 /* AppDelegate.swift in Sources */,
				A09967C4A53DA1E90827AD11 /* SceneDelegate.swift in Sources */,
				1065CCB4BB3E94D66A063E21 /* PackageCell.swift in Sources */,
			);
			runOnlyForDeploymentPostprocessing = 0;
		};
/* End PBXSourcesBuildPhase section */

/* Begin XCBuildConfiguration section */
		657983500F013B37ABFD9576 /* Debug */ = {
			isa = XCBuildConfiguration;
			buildSettings = {
				ALWAYS_SEARCH_USER_PATHS = NO;
				CLANG_ANALYZER_LOCALIZABILITY_NONLOCALIZED = YES;
				CLANG_ANALYZER_NONNULL = YES;
				CLANG_ANALYZER_NUMBER_OBJECT_CONVERSION = YES_AGGRESSIVE;
				CLANG_CXX_LANGUAGE_STANDARD = "gnu++14";
				CLANG_CXX_LIBRARY = "libc++";
				CLANG_ENABLE_MODULES = YES;
				CLANG_ENABLE_OBJC_ARC = YES;
				CLANG_ENABLE_OBJC_WEAK = YES;
				CLANG_WARN_BLOCK_CAPTURE_AUTORELEASING = YES;
				CLANG_WARN_BOOL_CONVERSION = YES;
				CLANG_WARN_COMMA = YES;
				CLANG_WARN_CONSTANT_CONVERSION = YES;
				CLANG_WARN_DEPRECATED_OBJC_IMPLEMENTATIONS = YES;
				CLANG_WARN_DIRECT_OBJC_ISA_USAGE = YES_ERROR;
				CLANG_WARN_DOCUMENTATION_COMMENTS = YES;
				CLANG_WARN_EMPTY_BODY = YES;
				CLANG_WARN_ENUM_CONVERSION = YES;
				CLANG_WARN_INFINITE_RECURSION = YES;
				CLANG_WARN_INT_CONVERSION = YES;
				CLANG_WARN_NON_LITERAL_NULL_CONVERSION = YES;
				CLANG_WARN_OBJC_IMPLICIT_RETAIN_SELF = YES;
				CLANG_WARN_OBJC_LITERAL_CONVERSION = YES;
				CLANG_WARN_OBJC_ROOT_CLASS = YES_ERROR;
				CLANG_WARN_QUOTED_INCLUDE_IN_FRAMEWORK_HEADER = YES;
				CLANG_WARN_RANGE_LOOP_ANALYSIS = YES;
				CLANG_WARN_STRICT_PROTOTYPES = YES;
				CLANG_WARN_SUSPICIOUS_MOVE = YES;
				CLANG_WARN_UNGUARDED_AVAILABILITY = YES_AGGRESSIVE;
				CLANG_WARN_UNREACHABLE_CODE = YES;
				CLANG_WARN__DUPLICATE_METHOD_MATCH = YES;
				COPY_PHASE_STRIP = NO;
				DEAD_CODE_STRIPPING = YES;
				DEBUG_INFORMATION_FORMAT = dwarf;
				ENABLE_STRICT_OBJC_MSGSEND = YES;
				ENABLE_TESTABILITY = YES;
				GCC_C_LANGUAGE_STANDARD = gnu11;
				GCC_DYNAMIC_NO_PIC = NO;
				GCC_NO_COMMON_BLOCKS = YES;
				GCC_OPTIMIZATION_LEVEL = 0;
				GCC_PREPROCESSOR_DEFINITIONS = (
					"DEBUG=1",
					"$(inherited)",
				);
				GCC_WARN_64_TO_32_BIT_CONVERSION = YES;
				GCC_WARN_ABOUT_RETURN_TYPE = YES_ERROR;
				GCC_WARN_UNDECLARED_SELECTOR = YES;
				GCC_WARN_UNINITIALIZED_AUTOS = YES_AGGRESSIVE;
				GCC_WARN_UNUSED_FUNCTION = YES;
				GCC_WARN_UNUSED_VARIABLE = YES;
				MTL_ENABLE_DEBUG_INFO = YES;
				ONLY_ACTIVE_ARCH = YES;
				PRODUCT_NAME = "$(TARGET_NAME)";
			};
			name = Debug;
		};
		9659AE5917ED4016C858310D /* Release */ = {
			isa = XCBuildConfiguration;
			buildSettings = {
				ASSETCATALOG_COMPILER_APPICON_NAME = AppIcon;
				CODE_SIGN_IDENTITY = "iPhone Developer";
				CODE_SIGN_STYLE = Automatic;
				DEVELOPMENT_TEAM = 8SXR2327BM;
				ENABLE_PREVIEWS = YES;
				INFOPLIST_FILE = "Derived/InfoPlists/MagicWeather-Info.plist";
				IPHONEOS_DEPLOYMENT_TARGET = 15.0;
				LD_RUNPATH_SEARCH_PATHS = (
					"$(inherited)",
					"@executable_path/Frameworks",
				);
				PRODUCT_BUNDLE_IDENTIFIER = com.revenuecat.sampleapp;
				PRODUCT_NAME = MagicWeather;
				SDKROOT = iphoneos;
				SUPPORTS_MACCATALYST = NO;
				SUPPORTS_MAC_DESIGNED_FOR_IPHONE_IPAD = YES;
				SUPPORTS_XR_DESIGNED_FOR_IPHONE_IPAD = NO;
				SWIFT_COMPILATION_MODE = wholemodule;
				SWIFT_OPTIMIZATION_LEVEL = "-Owholemodule";
				SWIFT_VERSION = 5.0;
				TARGETED_DEVICE_FAMILY = "1,2";
			};
			name = Release;
		};
		96E0A57DF5232981213D6340 /* Release */ = {
			isa = XCBuildConfiguration;
			buildSettings = {
				ALWAYS_SEARCH_USER_PATHS = NO;
				CLANG_ANALYZER_LOCALIZABILITY_NONLOCALIZED = YES;
				CLANG_ANALYZER_NONNULL = YES;
				CLANG_ANALYZER_NUMBER_OBJECT_CONVERSION = YES_AGGRESSIVE;
				CLANG_CXX_LANGUAGE_STANDARD = "gnu++14";
				CLANG_CXX_LIBRARY = "libc++";
				CLANG_ENABLE_MODULES = YES;
				CLANG_ENABLE_OBJC_ARC = YES;
				CLANG_ENABLE_OBJC_WEAK = YES;
				CLANG_WARN_BLOCK_CAPTURE_AUTORELEASING = YES;
				CLANG_WARN_BOOL_CONVERSION = YES;
				CLANG_WARN_COMMA = YES;
				CLANG_WARN_CONSTANT_CONVERSION = YES;
				CLANG_WARN_DEPRECATED_OBJC_IMPLEMENTATIONS = YES;
				CLANG_WARN_DIRECT_OBJC_ISA_USAGE = YES_ERROR;
				CLANG_WARN_DOCUMENTATION_COMMENTS = YES;
				CLANG_WARN_EMPTY_BODY = YES;
				CLANG_WARN_ENUM_CONVERSION = YES;
				CLANG_WARN_INFINITE_RECURSION = YES;
				CLANG_WARN_INT_CONVERSION = YES;
				CLANG_WARN_NON_LITERAL_NULL_CONVERSION = YES;
				CLANG_WARN_OBJC_IMPLICIT_RETAIN_SELF = YES;
				CLANG_WARN_OBJC_LITERAL_CONVERSION = YES;
				CLANG_WARN_OBJC_ROOT_CLASS = YES_ERROR;
				CLANG_WARN_QUOTED_INCLUDE_IN_FRAMEWORK_HEADER = YES;
				CLANG_WARN_RANGE_LOOP_ANALYSIS = YES;
				CLANG_WARN_STRICT_PROTOTYPES = YES;
				CLANG_WARN_SUSPICIOUS_MOVE = YES;
				CLANG_WARN_UNGUARDED_AVAILABILITY = YES_AGGRESSIVE;
				CLANG_WARN_UNREACHABLE_CODE = YES;
				CLANG_WARN__DUPLICATE_METHOD_MATCH = YES;
				COPY_PHASE_STRIP = NO;
				DEAD_CODE_STRIPPING = YES;
				DEBUG_INFORMATION_FORMAT = "dwarf-with-dsym";
				ENABLE_NS_ASSERTIONS = NO;
				ENABLE_STRICT_OBJC_MSGSEND = YES;
				GCC_C_LANGUAGE_STANDARD = gnu11;
				GCC_NO_COMMON_BLOCKS = YES;
				GCC_WARN_64_TO_32_BIT_CONVERSION = YES;
				GCC_WARN_ABOUT_RETURN_TYPE = YES_ERROR;
				GCC_WARN_UNDECLARED_SELECTOR = YES;
				GCC_WARN_UNINITIALIZED_AUTOS = YES_AGGRESSIVE;
				GCC_WARN_UNUSED_FUNCTION = YES;
				GCC_WARN_UNUSED_VARIABLE = YES;
				MTL_ENABLE_DEBUG_INFO = NO;
				PRODUCT_NAME = "$(TARGET_NAME)";
				VALIDATE_PRODUCT = YES;
			};
			name = Release;
		};
		AA39FA72F2986C451DAD16C5 /* Debug */ = {
			isa = XCBuildConfiguration;
			buildSettings = {
				ASSETCATALOG_COMPILER_APPICON_NAME = AppIcon;
				CODE_SIGN_IDENTITY = "iPhone Developer";
				CODE_SIGN_STYLE = Automatic;
				DEVELOPMENT_TEAM = 8SXR2327BM;
				ENABLE_PREVIEWS = YES;
				INFOPLIST_FILE = "Derived/InfoPlists/MagicWeather-Info.plist";
				IPHONEOS_DEPLOYMENT_TARGET = 15.0;
				LD_RUNPATH_SEARCH_PATHS = (
					"$(inherited)",
					"@executable_path/Frameworks",
				);
				PRODUCT_BUNDLE_IDENTIFIER = com.revenuecat.sampleapp;
				PRODUCT_NAME = MagicWeather;
				SDKROOT = iphoneos;
				SUPPORTS_MACCATALYST = NO;
				SUPPORTS_MAC_DESIGNED_FOR_IPHONE_IPAD = YES;
				SUPPORTS_XR_DESIGNED_FOR_IPHONE_IPAD = NO;
				SWIFT_ACTIVE_COMPILATION_CONDITIONS = (
					"$(inherited)",
					DEBUG,
				);
				SWIFT_COMPILATION_MODE = singlefile;
				SWIFT_OPTIMIZATION_LEVEL = "-Onone";
				SWIFT_VERSION = 5.0;
				TARGETED_DEVICE_FAMILY = "1,2";
			};
			name = Debug;
		};
/* End XCBuildConfiguration section */

/* Begin XCConfigurationList section */
		05BAB7B35F477C6D1EE6374B /* Build configuration list for PBXProject "MagicWeather" */ = {
			isa = XCConfigurationList;
			buildConfigurations = (
				657983500F013B37ABFD9576 /* Debug */,
				96E0A57DF5232981213D6340 /* Release */,
			);
			defaultConfigurationIsVisible = 0;
			defaultConfigurationName = Release;
		};
		4A22AF8B35CDF2F1BB74343B /* Build configuration list for PBXNativeTarget "MagicWeather" */ = {
			isa = XCConfigurationList;
			buildConfigurations = (
				AA39FA72F2986C451DAD16C5 /* Debug */,
				9659AE5917ED4016C858310D /* Release */,
			);
			defaultConfigurationIsVisible = 0;
			defaultConfigurationName = Release;
		};
/* End XCConfigurationList section */
	};
	rootObject = 6F6DC1CDA4E7E5EE45D2566A /* Project object */;
}
