PODS:
  - Purchases (3.8.0-SNAPSHOT):
    - PurchasesCoreSwift (= 3.8.0-SNAPSHOT)
  - PurchasesCoreSwift (3.8.0-SNAPSHOT)

DEPENDENCIES:
  - Purchases (from `../../`)
  - PurchasesCoreSwift (from `../../`)

EXTERNAL SOURCES:
  Purchases:
    :path: "../../"
  PurchasesCoreSwift:
    :path: "../../"

SPEC CHECKSUMS:
  Purchases: 6778455b214c327fed4b850d6860c12e45db93f9
  PurchasesCoreSwift: 10136558374deec2fa57586bc5026e899cee306b

PODFILE CHECKSUM: 7ee5a1278fe2f1cd60eb5c3b13c8343c38a5c638

COCOAPODS: 1.10.0
