PODS:
  - Purchases (3.12.0-SNAPSHOT):
    - PurchasesCoreSwift (= 3.12.0-SNAPSHOT)
  - PurchasesCoreSwift (3.12.0-SNAPSHOT)

DEPENDENCIES:
  - Purchases (from `../../`)
  - PurchasesCoreSwift (from `../../`)

EXTERNAL SOURCES:
  Purchases:
    :path: "../../"
  PurchasesCoreSwift:
    :path: "../../"

SPEC CHECKSUMS:
  Purchases: 4fc5778252b9a53a9e8933c69c7c90d61ea3ba03
  PurchasesCoreSwift: ab847be1cfcc8c34c4a11d6fc0c90bdc86e7d812

PODFILE CHECKSUM: d5822b076e715d248ef4648005449c1282626fd5

COCOAPODS: 1.10.1
