{
  "object": {
    "pins": [
      {
        "package": "RevenueCat",
        "repositoryURL": "https://github.com/RevenueCat/purchases-ios.git",
        "state": {
          "branch": "main",
          "revision": "9587c9f20fa4a0743f9d4b6725d1d23f2e10a7a1",
          "version": null
        }
      }
    ]
  },
  "version": 1
}
