{
  "object": {
    "pins": [
      {
        "package": "RevenueCat",
        "repositoryURL": "https://github.com/RevenueCat/purchases-ios.git",
        "state": {
          "branch": "main",
          "revision": "6aef43e216b236d74b69446639a13a7ab64a6e07",
          "version": null
        }
      }
    ]
  },
  "version": 1
}
