{
  "pins" : [
    {
      "identity" : "purchases-ios",
      "kind" : "remoteSourceControl",
      "location" : "https://github.com/RevenueCat/purchases-ios.git",
      "state" : {
        "revision" : "010cf1d4975eceb2f18ca603d1d3413e8f88e841",
        "version" : "4.10.1"
      }
    }
  ],
  "version" : 2
}
