// !$*UTF8*$!
{
	archiveVersion = 1;
	classes = {
	};
	objectVersion = 55;
	objects = {

/* Begin PBXBuildFile section */
		2DD778D3270E233F0079CBD4 /* AppDelegate.swift in Sources */ = {isa = PBXBuildFile; fileRef = 2DD778D2270E233F0079CBD4 /* AppDelegate.swift */; };
		2DD778D5270E233F0079CBD4 /* SceneDelegate.swift in Sources */ = {isa = PBXBuildFile; fileRef = 2DD778D4270E233F0079CBD4 /* SceneDelegate.swift */; };
		2DD778D7270E233F0079CBD4 /* ViewController.swift in Sources */ = {isa = PBXBuildFile; fileRef = 2DD778D6270E233F0079CBD4 /* ViewController.swift */; };
		2DD778DA270E233F0079CBD4 /* Main.storyboard in Resources */ = {isa = PBXBuildFile; fileRef = 2DD778D8270E233F0079CBD4 /* Main.storyboard */; platformFilters = (ios, maccatalyst, macos, watchos, ); };
		2DD778DC270E23400079CBD4 /* Assets.xcassets in Resources */ = {isa = PBXBuildFile; fileRef = 2DD778DB270E23400079CBD4 /* Assets.xcassets */; };
		2DD778DF270E23400079CBD4 /* LaunchScreen.storyboard in Resources */ = {isa = PBXBuildFile; fileRef = 2DD778DD270E23400079CBD4 /* LaunchScreen.storyboard */; platformFilters = (ios, maccatalyst, macos, watchos, ); };
		2DD778E4270E23460079CBD4 /* AttributionNetworkAPI.swift in Sources */ = {isa = PBXBuildFile; fileRef = A5D614CA26EBE7EA007DDB75 /* AttributionNetworkAPI.swift */; };
		2DD778E5270E23460079CBD4 /* IntroEligibilityAPI.swift in Sources */ = {isa = PBXBuildFile; fileRef = A5D614CD26EBE7EA007DDB75 /* IntroEligibilityAPI.swift */; };
		2DD778E6270E23460079CBD4 /* PurchasesAPI.swift in Sources */ = {isa = PBXBuildFile; fileRef = A5D614CE26EBE7EA007DDB75 /* PurchasesAPI.swift */; };
		2DD778E8270E23460079CBD4 /* PackageAPI.swift in Sources */ = {isa = PBXBuildFile; fileRef = A5D614C926EBE7EA007DDB75 /* PackageAPI.swift */; };
		2DD778E9270E23460079CBD4 /* CustomerInfoAPI.swift in Sources */ = {isa = PBXBuildFile; fileRef = A5D614C426EBE7EA007DDB75 /* CustomerInfoAPI.swift */; };
		2DD778EA270E23460079CBD4 /* OfferingsAPI.swift in Sources */ = {isa = PBXBuildFile; fileRef = A5D614C326EBE7EA007DDB75 /* OfferingsAPI.swift */; };
		2DD778EB270E23460079CBD4 /* ErrorCodesAPI.swift in Sources */ = {isa = PBXBuildFile; fileRef = A5D614C226EBE7EA007DDB75 /* ErrorCodesAPI.swift */; };
		2DD778EC270E23460079CBD4 /* TransactionAPI.swift in Sources */ = {isa = PBXBuildFile; fileRef = A5D614CB26EBE7EA007DDB75 /* TransactionAPI.swift */; };
		2DD778ED270E23460079CBD4 /* OfferingAPI.swift in Sources */ = {isa = PBXBuildFile; fileRef = A5D614C726EBE7EA007DDB75 /* OfferingAPI.swift */; };
		2DD778EE270E23460079CBD4 /* EntitlementInfosAPI.swift in Sources */ = {isa = PBXBuildFile; fileRef = A5D614C526EBE7EA007DDB75 /* EntitlementInfosAPI.swift */; };
		2DD778EF270E23460079CBD4 /* EntitlementInfoAPI.swift in Sources */ = {isa = PBXBuildFile; fileRef = A5D614C826EBE7EA007DDB75 /* EntitlementInfoAPI.swift */; };
		5758859C2748272A00CA2169 /* RevenueCat.framework in Frameworks */ = {isa = PBXBuildFile; fileRef = 5758859B2748272A00CA2169 /* RevenueCat.framework */; };
		5758859D2748272A00CA2169 /* RevenueCat.framework in Embed Frameworks */ = {isa = PBXBuildFile; fileRef = 5758859B2748272A00CA2169 /* RevenueCat.framework */; settings = {ATTRIBUTES = (CodeSignOnCopy, RemoveHeadersOnCopy, ); }; };
		A513AD35272B4C0100E0C1BA /* RefundRequestStatusAPI.swift in Sources */ = {isa = PBXBuildFile; fileRef = A513AD33272B4C0100E0C1BA /* RefundRequestStatusAPI.swift */; };
/* End PBXBuildFile section */

/* Begin PBXCopyFilesBuildPhase section */
		5758859E2748272A00CA2169 /* Embed Frameworks */ = {
			isa = PBXCopyFilesBuildPhase;
			buildActionMask = 2147483647;
			dstPath = "";
			dstSubfolderSpec = 10;
			files = (
				5758859D2748272A00CA2169 /* RevenueCat.framework in Embed Frameworks */,
			);
			name = "Embed Frameworks";
			runOnlyForDeploymentPostprocessing = 0;
		};
/* End PBXCopyFilesBuildPhase section */

/* Begin PBXFileReference section */
		2DD778D0270E233F0079CBD4 /* SwiftAPITester.app */ = {isa = PBXFileReference; explicitFileType = wrapper.application; includeInIndex = 0; path = SwiftAPITester.app; sourceTree = BUILT_PRODUCTS_DIR; };
		2DD778D2270E233F0079CBD4 /* AppDelegate.swift */ = {isa = PBXFileReference; lastKnownFileType = sourcecode.swift; path = AppDelegate.swift; sourceTree = "<group>"; };
		2DD778D4270E233F0079CBD4 /* SceneDelegate.swift */ = {isa = PBXFileReference; lastKnownFileType = sourcecode.swift; path = SceneDelegate.swift; sourceTree = "<group>"; };
		2DD778D6270E233F0079CBD4 /* ViewController.swift */ = {isa = PBXFileReference; lastKnownFileType = sourcecode.swift; path = ViewController.swift; sourceTree = "<group>"; };
		2DD778D9270E233F0079CBD4 /* Base */ = {isa = PBXFileReference; lastKnownFileType = file.storyboard; name = Base; path = Base.lproj/Main.storyboard; sourceTree = "<group>"; };
		2DD778DB270E23400079CBD4 /* Assets.xcassets */ = {isa = PBXFileReference; lastKnownFileType = folder.assetcatalog; path = Assets.xcassets; sourceTree = "<group>"; };
		2DD778DE270E23400079CBD4 /* Base */ = {isa = PBXFileReference; lastKnownFileType = file.storyboard; name = Base; path = Base.lproj/LaunchScreen.storyboard; sourceTree = "<group>"; };
		2DD778E0270E23400079CBD4 /* Info.plist */ = {isa = PBXFileReference; lastKnownFileType = text.plist.xml; path = Info.plist; sourceTree = "<group>"; };
		575885972748271100CA2169 /* RevenueCat.framework */ = {isa = PBXFileReference; explicitFileType = wrapper.framework; path = RevenueCat.framework; sourceTree = BUILT_PRODUCTS_DIR; };
		5758859B2748272A00CA2169 /* RevenueCat.framework */ = {isa = PBXFileReference; explicitFileType = wrapper.framework; path = RevenueCat.framework; sourceTree = BUILT_PRODUCTS_DIR; };
		A513AD33272B4C0100E0C1BA /* RefundRequestStatusAPI.swift */ = {isa = PBXFileReference; lastKnownFileType = sourcecode.swift; path = RefundRequestStatusAPI.swift; sourceTree = "<group>"; };
		A5D614C226EBE7EA007DDB75 /* ErrorCodesAPI.swift */ = {isa = PBXFileReference; fileEncoding = 4; lastKnownFileType = sourcecode.swift; path = ErrorCodesAPI.swift; sourceTree = "<group>"; };
		A5D614C326EBE7EA007DDB75 /* OfferingsAPI.swift */ = {isa = PBXFileReference; fileEncoding = 4; lastKnownFileType = sourcecode.swift; path = OfferingsAPI.swift; sourceTree = "<group>"; };
		A5D614C426EBE7EA007DDB75 /* CustomerInfoAPI.swift */ = {isa = PBXFileReference; fileEncoding = 4; lastKnownFileType = sourcecode.swift; path = CustomerInfoAPI.swift; sourceTree = "<group>"; };
		A5D614C526EBE7EA007DDB75 /* EntitlementInfosAPI.swift */ = {isa = PBXFileReference; fileEncoding = 4; lastKnownFileType = sourcecode.swift; path = EntitlementInfosAPI.swift; sourceTree = "<group>"; };
		A5D614C626EBE7EA007DDB75 /* main.swift */ = {isa = PBXFileReference; fileEncoding = 4; lastKnownFileType = sourcecode.swift; path = main.swift; sourceTree = "<group>"; };
		A5D614C726EBE7EA007DDB75 /* OfferingAPI.swift */ = {isa = PBXFileReference; fileEncoding = 4; lastKnownFileType = sourcecode.swift; path = OfferingAPI.swift; sourceTree = "<group>"; };
		A5D614C826EBE7EA007DDB75 /* EntitlementInfoAPI.swift */ = {isa = PBXFileReference; fileEncoding = 4; lastKnownFileType = sourcecode.swift; path = EntitlementInfoAPI.swift; sourceTree = "<group>"; };
		A5D614C926EBE7EA007DDB75 /* PackageAPI.swift */ = {isa = PBXFileReference; fileEncoding = 4; lastKnownFileType = sourcecode.swift; path = PackageAPI.swift; sourceTree = "<group>"; };
		A5D614CA26EBE7EA007DDB75 /* AttributionNetworkAPI.swift */ = {isa = PBXFileReference; fileEncoding = 4; lastKnownFileType = sourcecode.swift; path = AttributionNetworkAPI.swift; sourceTree = "<group>"; };
		A5D614CB26EBE7EA007DDB75 /* TransactionAPI.swift */ = {isa = PBXFileReference; fileEncoding = 4; lastKnownFileType = sourcecode.swift; path = TransactionAPI.swift; sourceTree = "<group>"; };
		A5D614CD26EBE7EA007DDB75 /* IntroEligibilityAPI.swift */ = {isa = PBXFileReference; fileEncoding = 4; lastKnownFileType = sourcecode.swift; path = IntroEligibilityAPI.swift; sourceTree = "<group>"; };
		A5D614CE26EBE7EA007DDB75 /* PurchasesAPI.swift */ = {isa = PBXFileReference; fileEncoding = 4; lastKnownFileType = sourcecode.swift; path = PurchasesAPI.swift; sourceTree = "<group>"; };
/* End PBXFileReference section */

/* Begin PBXFrameworksBuildPhase section */
		2DD778CD270E233F0079CBD4 /* Frameworks */ = {
			isa = PBXFrameworksBuildPhase;
			buildActionMask = 2147483647;
			files = (
				5758859C2748272A00CA2169 /* RevenueCat.framework in Frameworks */,
			);
			runOnlyForDeploymentPostprocessing = 0;
		};
/* End PBXFrameworksBuildPhase section */

/* Begin PBXGroup section */
		2D6F3871270E58DB002C9987 /* Frameworks */ = {
			isa = PBXGroup;
			children = (
				5758859B2748272A00CA2169 /* RevenueCat.framework */,
				575885972748271100CA2169 /* RevenueCat.framework */,
			);
			name = Frameworks;
			sourceTree = "<group>";
		};
		2DD778D1270E233F0079CBD4 /* SwiftAPITesterIOS */ = {
			isa = PBXGroup;
			children = (
				2DD778D2270E233F0079CBD4 /* AppDelegate.swift */,
				2DD778D4270E233F0079CBD4 /* SceneDelegate.swift */,
				2DD778D6270E233F0079CBD4 /* ViewController.swift */,
				2DD778D8270E233F0079CBD4 /* Main.storyboard */,
				2DD778DB270E23400079CBD4 /* Assets.xcassets */,
				2DD778DD270E23400079CBD4 /* LaunchScreen.storyboard */,
				2DD778E0270E23400079CBD4 /* Info.plist */,
			);
			path = SwiftAPITesterIOS;
			sourceTree = "<group>";
		};
		A55F62AC26EAFFD200A1B466 = {
			isa = PBXGroup;
			children = (
				A55F62B726EAFFD200A1B466 /* SwiftAPITester */,
				2DD778D1270E233F0079CBD4 /* SwiftAPITesterIOS */,
				A55F62B626EAFFD200A1B466 /* Products */,
				2D6F3871270E58DB002C9987 /* Frameworks */,
			);
			sourceTree = "<group>";
		};
		A55F62B626EAFFD200A1B466 /* Products */ = {
			isa = PBXGroup;
			children = (
				2DD778D0270E233F0079CBD4 /* SwiftAPITester.app */,
			);
			name = Products;
			sourceTree = "<group>";
		};
		A55F62B726EAFFD200A1B466 /* SwiftAPITester */ = {
			isa = PBXGroup;
			children = (
				A5D614CA26EBE7EA007DDB75 /* AttributionNetworkAPI.swift */,
				A5D614C426EBE7EA007DDB75 /* CustomerInfoAPI.swift */,
				A5D614C826EBE7EA007DDB75 /* EntitlementInfoAPI.swift */,
				A5D614C526EBE7EA007DDB75 /* EntitlementInfosAPI.swift */,
				A5D614C226EBE7EA007DDB75 /* ErrorCodesAPI.swift */,
				A5D614CD26EBE7EA007DDB75 /* IntroEligibilityAPI.swift */,
				A5D614C626EBE7EA007DDB75 /* main.swift */,
				A5D614C726EBE7EA007DDB75 /* OfferingAPI.swift */,
				A5D614C326EBE7EA007DDB75 /* OfferingsAPI.swift */,
				A5D614C926EBE7EA007DDB75 /* PackageAPI.swift */,
				A5D614CE26EBE7EA007DDB75 /* PurchasesAPI.swift */,
				A5D614CB26EBE7EA007DDB75 /* TransactionAPI.swift */,
				A513AD33272B4C0100E0C1BA /* RefundRequestStatusAPI.swift */,
			);
			path = SwiftAPITester;
			sourceTree = "<group>";
		};
/* End PBXGroup section */

/* Begin PBXNativeTarget section */
		2DD778CF270E233F0079CBD4 /* SwiftAPITester */ = {
			isa = PBXNativeTarget;
			buildConfigurationList = 2DD778E3270E23400079CBD4 /* Build configuration list for PBXNativeTarget "SwiftAPITester" */;
			buildPhases = (
				2DD778CC270E233F0079CBD4 /* Sources */,
				2DD778CD270E233F0079CBD4 /* Frameworks */,
				2DD778CE270E233F0079CBD4 /* Resources */,
				5758859E2748272A00CA2169 /* Embed Frameworks */,
			);
			buildRules = (
			);
			dependencies = (
			);
			name = SwiftAPITester;
			packageProductDependencies = (
			);
			productName = SwiftAPITesterIOS;
			productReference = 2DD778D0270E233F0079CBD4 /* SwiftAPITester.app */;
			productType = "com.apple.product-type.application";
		};
/* End PBXNativeTarget section */

/* Begin PBXProject section */
		A55F62AD26EAFFD200A1B466 /* Project object */ = {
			isa = PBXProject;
			attributes = {
				BuildIndependentTargetsInParallel = 1;
				LastSwiftUpdateCheck = 1300;
				LastUpgradeCheck = 1300;
				TargetAttributes = {
					2DD778CF270E233F0079CBD4 = {
						CreatedOnToolsVersion = 13.0;
					};
				};
			};
			buildConfigurationList = A55F62B026EAFFD200A1B466 /* Build configuration list for PBXProject "SwiftAPITester" */;
			compatibilityVersion = "Xcode 12.0";
			developmentRegion = en;
			hasScannedForEncodings = 0;
			knownRegions = (
				en,
				Base,
			);
			mainGroup = A55F62AC26EAFFD200A1B466;
			packageReferences = (
			);
			productRefGroup = A55F62B626EAFFD200A1B466 /* Products */;
			projectDirPath = "";
			projectRoot = "";
			targets = (
				2DD778CF270E233F0079CBD4 /* SwiftAPITester */,
			);
		};
/* End PBXProject section */

/* Begin PBXResourcesBuildPhase section */
		2DD778CE270E233F0079CBD4 /* Resources */ = {
			isa = PBXResourcesBuildPhase;
			buildActionMask = 2147483647;
			files = (
				2DD778DF270E23400079CBD4 /* LaunchScreen.storyboard in Resources */,
				2DD778DC270E23400079CBD4 /* Assets.xcassets in Resources */,
				2DD778DA270E233F0079CBD4 /* Main.storyboard in Resources */,
			);
			runOnlyForDeploymentPostprocessing = 0;
		};
/* End PBXResourcesBuildPhase section */

/* Begin PBXSourcesBuildPhase section */
		2DD778CC270E233F0079CBD4 /* Sources */ = {
			isa = PBXSourcesBuildPhase;
			buildActionMask = 2147483647;
			files = (
				2DD778EA270E23460079CBD4 /* OfferingsAPI.swift in Sources */,
				2DD778D7270E233F0079CBD4 /* ViewController.swift in Sources */,
				A513AD35272B4C0100E0C1BA /* RefundRequestStatusAPI.swift in Sources */,
				2DD778E8270E23460079CBD4 /* PackageAPI.swift in Sources */,
				2DD778E6270E23460079CBD4 /* PurchasesAPI.swift in Sources */,
				2DD778D3270E233F0079CBD4 /* AppDelegate.swift in Sources */,
				2DD778EF270E23460079CBD4 /* EntitlementInfoAPI.swift in Sources */,
				2DD778E9270E23460079CBD4 /* CustomerInfoAPI.swift in Sources */,
				2DD778ED270E23460079CBD4 /* OfferingAPI.swift in Sources */,
				2DD778EE270E23460079CBD4 /* EntitlementInfosAPI.swift in Sources */,
				2DD778E5270E23460079CBD4 /* IntroEligibilityAPI.swift in Sources */,
				2DD778EB270E23460079CBD4 /* ErrorCodesAPI.swift in Sources */,
				2DD778D5270E233F0079CBD4 /* SceneDelegate.swift in Sources */,
				2DD778E4270E23460079CBD4 /* AttributionNetworkAPI.swift in Sources */,
				2DD778EC270E23460079CBD4 /* TransactionAPI.swift in Sources */,
			);
			runOnlyForDeploymentPostprocessing = 0;
		};
/* End PBXSourcesBuildPhase section */

/* Begin PBXVariantGroup section */
		2DD778D8270E233F0079CBD4 /* Main.storyboard */ = {
			isa = PBXVariantGroup;
			children = (
				2DD778D9270E233F0079CBD4 /* Base */,
			);
			name = Main.storyboard;
			sourceTree = "<group>";
		};
		2DD778DD270E23400079CBD4 /* LaunchScreen.storyboard */ = {
			isa = PBXVariantGroup;
			children = (
				2DD778DE270E23400079CBD4 /* Base */,
			);
			name = LaunchScreen.storyboard;
			sourceTree = "<group>";
		};
/* End PBXVariantGroup section */

/* Begin XCBuildConfiguration section */
		2DD778E1270E23400079CBD4 /* Debug */ = {
			isa = XCBuildConfiguration;
			buildSettings = {
				ALLOW_TARGET_PLATFORM_SPECIALIZATION = YES;
				ASSETCATALOG_COMPILER_APPICON_NAME = AppIcon;
				ASSETCATALOG_COMPILER_GLOBAL_ACCENT_COLOR_NAME = AccentColor;
				CODE_SIGN_IDENTITY = "iPhone Developer";
				CODE_SIGN_STYLE = Manual;
				CURRENT_PROJECT_VERSION = 1;
				DEVELOPMENT_TEAM = 8SXR2327BM;
				GENERATE_INFOPLIST_FILE = YES;
				INFOPLIST_FILE = SwiftAPITesterIOS/Info.plist;
				INFOPLIST_KEY_UIApplicationSupportsIndirectInputEvents = YES;
				INFOPLIST_KEY_UILaunchStoryboardName = LaunchScreen;
				INFOPLIST_KEY_UIMainStoryboardFile = Main;
				INFOPLIST_KEY_UISupportedInterfaceOrientations_iPad = "UIInterfaceOrientationPortrait UIInterfaceOrientationPortraitUpsideDown UIInterfaceOrientationLandscapeLeft UIInterfaceOrientationLandscapeRight";
				INFOPLIST_KEY_UISupportedInterfaceOrientations_iPhone = "UIInterfaceOrientationPortrait UIInterfaceOrientationLandscapeLeft UIInterfaceOrientationLandscapeRight";
				IPHONEOS_DEPLOYMENT_TARGET = 15.0;
				LD_RUNPATH_SEARCH_PATHS = (
					"$(inherited)",
					"@executable_path/Frameworks",
				);
				MARKETING_VERSION = 1.0;
				PRODUCT_BUNDLE_IDENTIFIER = com.revenuecat.SwiftAPITesterIOS;
				PRODUCT_NAME = "$(TARGET_NAME)";
				PROVISIONING_PROFILE_SPECIFIER = "match Development com.revenuecat.SwiftAPITesterIOS";
				SDKROOT = "";
				SUPPORTED_PLATFORMS = "watchsimulator watchos macosx iphonesimulator iphoneos appletvsimulator appletvos";
				SUPPORTS_MACCATALYST = YES;
				SWIFT_EMIT_LOC_STRINGS = YES;
				SWIFT_VERSION = 5.0;
				TARGETED_DEVICE_FAMILY = "1,2,3,4,6";
			};
			name = Debug;
		};
		2DD778E2270E23400079CBD4 /* Release */ = {
			isa = XCBuildConfiguration;
			buildSettings = {
				ALLOW_TARGET_PLATFORM_SPECIALIZATION = YES;
				ASSETCATALOG_COMPILER_APPICON_NAME = AppIcon;
				ASSETCATALOG_COMPILER_GLOBAL_ACCENT_COLOR_NAME = AccentColor;
				CODE_SIGN_IDENTITY = "iPhone Developer";
				CODE_SIGN_STYLE = Manual;
				CURRENT_PROJECT_VERSION = 1;
				DEVELOPMENT_TEAM = 8SXR2327BM;
				GENERATE_INFOPLIST_FILE = YES;
				INFOPLIST_FILE = SwiftAPITesterIOS/Info.plist;
				INFOPLIST_KEY_UIApplicationSupportsIndirectInputEvents = YES;
				INFOPLIST_KEY_UILaunchStoryboardName = LaunchScreen;
				INFOPLIST_KEY_UIMainStoryboardFile = Main;
				INFOPLIST_KEY_UISupportedInterfaceOrientations_iPad = "UIInterfaceOrientationPortrait UIInterfaceOrientationPortraitUpsideDown UIInterfaceOrientationLandscapeLeft UIInterfaceOrientationLandscapeRight";
				INFOPLIST_KEY_UISupportedInterfaceOrientations_iPhone = "UIInterfaceOrientationPortrait UIInterfaceOrientationLandscapeLeft UIInterfaceOrientationLandscapeRight";
				IPHONEOS_DEPLOYMENT_TARGET = 15.0;
				LD_RUNPATH_SEARCH_PATHS = (
					"$(inherited)",
					"@executable_path/Frameworks",
				);
				MARKETING_VERSION = 1.0;
				PRODUCT_BUNDLE_IDENTIFIER = com.revenuecat.SwiftAPITesterIOS;
				PRODUCT_NAME = "$(TARGET_NAME)";
				PROVISIONING_PROFILE_SPECIFIER = "match Development com.revenuecat.SwiftAPITesterIOS";
				SDKROOT = "";
				SUPPORTED_PLATFORMS = "watchsimulator watchos macosx iphonesimulator iphoneos appletvsimulator appletvos";
				SUPPORTS_MACCATALYST = YES;
				SWIFT_EMIT_LOC_STRINGS = YES;
				SWIFT_VERSION = 5.0;
				TARGETED_DEVICE_FAMILY = "1,2,3,4,6";
				VALIDATE_PRODUCT = YES;
			};
			name = Release;
		};
		A55F62BA26EAFFD200A1B466 /* Debug */ = {
			isa = XCBuildConfiguration;
			buildSettings = {
				ALWAYS_SEARCH_USER_PATHS = NO;
				CLANG_ANALYZER_NONNULL = YES;
				CLANG_ANALYZER_NUMBER_OBJECT_CONVERSION = YES_AGGRESSIVE;
				CLANG_CXX_LANGUAGE_STANDARD = "gnu++17";
				CLANG_CXX_LIBRARY = "libc++";
				CLANG_ENABLE_MODULES = YES;
				CLANG_ENABLE_OBJC_ARC = YES;
				CLANG_ENABLE_OBJC_WEAK = YES;
				CLANG_WARN_BLOCK_CAPTURE_AUTORELEASING = YES;
				CLANG_WARN_BOOL_CONVERSION = YES;
				CLANG_WARN_COMMA = YES;
				CLANG_WARN_CONSTANT_CONVERSION = YES;
				CLANG_WARN_DEPRECATED_OBJC_IMPLEMENTATIONS = YES;
				CLANG_WARN_DIRECT_OBJC_ISA_USAGE = YES_ERROR;
				CLANG_WARN_DOCUMENTATION_COMMENTS = YES;
				CLANG_WARN_EMPTY_BODY = YES;
				CLANG_WARN_ENUM_CONVERSION = YES;
				CLANG_WARN_INFINITE_RECURSION = YES;
				CLANG_WARN_INT_CONVERSION = YES;
				CLANG_WARN_NON_LITERAL_NULL_CONVERSION = YES;
				CLANG_WARN_OBJC_IMPLICIT_RETAIN_SELF = YES;
				CLANG_WARN_OBJC_LITERAL_CONVERSION = YES;
				CLANG_WARN_OBJC_ROOT_CLASS = YES_ERROR;
				CLANG_WARN_QUOTED_INCLUDE_IN_FRAMEWORK_HEADER = YES;
				CLANG_WARN_RANGE_LOOP_ANALYSIS = YES;
				CLANG_WARN_STRICT_PROTOTYPES = YES;
				CLANG_WARN_SUSPICIOUS_MOVE = YES;
				CLANG_WARN_UNGUARDED_AVAILABILITY = YES_AGGRESSIVE;
				CLANG_WARN_UNREACHABLE_CODE = YES;
				CLANG_WARN__DUPLICATE_METHOD_MATCH = YES;
				COPY_PHASE_STRIP = NO;
				DEBUG_INFORMATION_FORMAT = dwarf;
				ENABLE_STRICT_OBJC_MSGSEND = YES;
				ENABLE_TESTABILITY = YES;
				GCC_C_LANGUAGE_STANDARD = gnu11;
				GCC_DYNAMIC_NO_PIC = NO;
				GCC_NO_COMMON_BLOCKS = YES;
				GCC_OPTIMIZATION_LEVEL = 0;
				GCC_PREPROCESSOR_DEFINITIONS = (
					"DEBUG=1",
					"$(inherited)",
				);
				GCC_WARN_64_TO_32_BIT_CONVERSION = YES;
				GCC_WARN_ABOUT_RETURN_TYPE = YES_ERROR;
				GCC_WARN_UNDECLARED_SELECTOR = YES;
				GCC_WARN_UNINITIALIZED_AUTOS = YES_AGGRESSIVE;
				GCC_WARN_UNUSED_FUNCTION = YES;
				GCC_WARN_UNUSED_VARIABLE = YES;
				MACOSX_DEPLOYMENT_TARGET = 11.3;
				MTL_ENABLE_DEBUG_INFO = INCLUDE_SOURCE;
				MTL_FAST_MATH = YES;
				ONLY_ACTIVE_ARCH = YES;
				SDKROOT = macosx;
				SWIFT_ACTIVE_COMPILATION_CONDITIONS = DEBUG;
				SWIFT_OPTIMIZATION_LEVEL = "-Onone";
			};
			name = Debug;
		};
		A55F62BB26EAFFD200A1B466 /* Release */ = {
			isa = XCBuildConfiguration;
			buildSettings = {
				ALWAYS_SEARCH_USER_PATHS = NO;
				CLANG_ANALYZER_NONNULL = YES;
				CLANG_ANALYZER_NUMBER_OBJECT_CONVERSION = YES_AGGRESSIVE;
				CLANG_CXX_LANGUAGE_STANDARD = "gnu++17";
				CLANG_CXX_LIBRARY = "libc++";
				CLANG_ENABLE_MODULES = YES;
				CLANG_ENABLE_OBJC_ARC = YES;
				CLANG_ENABLE_OBJC_WEAK = YES;
				CLANG_WARN_BLOCK_CAPTURE_AUTORELEASING = YES;
				CLANG_WARN_BOOL_CONVERSION = YES;
				CLANG_WARN_COMMA = YES;
				CLANG_WARN_CONSTANT_CONVERSION = YES;
				CLANG_WARN_DEPRECATED_OBJC_IMPLEMENTATIONS = YES;
				CLANG_WARN_DIRECT_OBJC_ISA_USAGE = YES_ERROR;
				CLANG_WARN_DOCUMENTATION_COMMENTS = YES;
				CLANG_WARN_EMPTY_BODY = YES;
				CLANG_WARN_ENUM_CONVERSION = YES;
				CLANG_WARN_INFINITE_RECURSION = YES;
				CLANG_WARN_INT_CONVERSION = YES;
				CLANG_WARN_NON_LITERAL_NULL_CONVERSION = YES;
				CLANG_WARN_OBJC_IMPLICIT_RETAIN_SELF = YES;
				CLANG_WARN_OBJC_LITERAL_CONVERSION = YES;
				CLANG_WARN_OBJC_ROOT_CLASS = YES_ERROR;
				CLANG_WARN_QUOTED_INCLUDE_IN_FRAMEWORK_HEADER = YES;
				CLANG_WARN_RANGE_LOOP_ANALYSIS = YES;
				CLANG_WARN_STRICT_PROTOTYPES = YES;
				CLANG_WARN_SUSPICIOUS_MOVE = YES;
				CLANG_WARN_UNGUARDED_AVAILABILITY = YES_AGGRESSIVE;
				CLANG_WARN_UNREACHABLE_CODE = YES;
				CLANG_WARN__DUPLICATE_METHOD_MATCH = YES;
				COPY_PHASE_STRIP = NO;
				DEBUG_INFORMATION_FORMAT = "dwarf-with-dsym";
				ENABLE_NS_ASSERTIONS = NO;
				ENABLE_STRICT_OBJC_MSGSEND = YES;
				GCC_C_LANGUAGE_STANDARD = gnu11;
				GCC_NO_COMMON_BLOCKS = YES;
				GCC_WARN_64_TO_32_BIT_CONVERSION = YES;
				GCC_WARN_ABOUT_RETURN_TYPE = YES_ERROR;
				GCC_WARN_UNDECLARED_SELECTOR = YES;
				GCC_WARN_UNINITIALIZED_AUTOS = YES_AGGRESSIVE;
				GCC_WARN_UNUSED_FUNCTION = YES;
				GCC_WARN_UNUSED_VARIABLE = YES;
				MACOSX_DEPLOYMENT_TARGET = 11.3;
				MTL_ENABLE_DEBUG_INFO = NO;
				MTL_FAST_MATH = YES;
				SDKROOT = macosx;
				SWIFT_COMPILATION_MODE = wholemodule;
				SWIFT_OPTIMIZATION_LEVEL = "-O";
			};
			name = Release;
		};
/* End XCBuildConfiguration section */

/* Begin XCConfigurationList section */
		2DD778E3270E23400079CBD4 /* Build configuration list for PBXNativeTarget "SwiftAPITester" */ = {
			isa = XCConfigurationList;
			buildConfigurations = (
				2DD778E1270E23400079CBD4 /* Debug */,
				2DD778E2270E23400079CBD4 /* Release */,
			);
			defaultConfigurationIsVisible = 0;
			defaultConfigurationName = Release;
		};
		A55F62B026EAFFD200A1B466 /* Build configuration list for PBXProject "SwiftAPITester" */ = {
			isa = XCConfigurationList;
			buildConfigurations = (
				A55F62BA26EAFFD200A1B466 /* Debug */,
				A55F62BB26EAFFD200A1B466 /* Release */,
			);
			defaultConfigurationIsVisible = 0;
			defaultConfigurationName = Release;
		};
/* End XCConfigurationList section */
	};
	rootObject = A55F62AD26EAFFD200A1B466 /* Project object */;
}
