{
  "object": {
    "pins": [
      {
        "package": "RevenueCat",
        "repositoryURL": "https://github.com/RevenueCat/purchases-ios.git",
        "state": {
          "branch": "main",
          "revision": "28ab981d8852fbdfbf516784f9a5b0caaab94c8b",
          "version": null
        }
      }
    ]
  },
  "version": 1
}
