{
  "object": {
    "pins": [
      {
        "package": "RevenueCat",
        "repositoryURL": "https://github.com/RevenueCat/purchases-ios.git",
        "state": {
          "branch": "sc-7243",
          "revision": "6c6af01a34e4c7f522c5eb29c8c8ecf64880997c",
          "version": null
        }
      }
    ]
  },
  "version": 1
}
